// !$*UTF8*$!
{
	archiveVersion = 1;
	classes = {
	};
	objectVersion = 46;
	objects = {

/* Begin PBXBuildFile section */
		7870C4C2193BA88C00031D3C /* Foundation.framework in Frameworks */ = {isa = PBXBuildFile; fileRef = 7870C4C1193BA88C00031D3C /* Foundation.framework */; };
		7870C4C4193BA88C00031D3C /* CoreGraphics.framework in Frameworks */ = {isa = PBXBuildFile; fileRef = 7870C4C3193BA88C00031D3C /* CoreGraphics.framework */; };
		7870C4C6193BA88C00031D3C /* UIKit.framework in Frameworks */ = {isa = PBXBuildFile; fileRef = 7870C4C5193BA88C00031D3C /* UIKit.framework */; };
		7870C4CC193BA88C00031D3C /* InfoPlist.strings in Resources */ = {isa = PBXBuildFile; fileRef = 7870C4CA193BA88C00031D3C /* InfoPlist.strings */; };
		7870C4CE193BA88C00031D3C /* main.m in Sources */ = {isa = PBXBuildFile; fileRef = 7870C4CD193BA88C00031D3C /* main.m */; };
		7870C4D2193BA88C00031D3C /* AppDelegate.m in Sources */ = {isa = PBXBuildFile; fileRef = 7870C4D1193BA88C00031D3C /* AppDelegate.m */; };
		7870C4D4193BA88C00031D3C /* Images.xcassets in Resources */ = {isa = PBXBuildFile; fileRef = 7870C4D3193BA88C00031D3C /* Images.xcassets */; };
		7870C4DB193BA88D00031D3C /* XCTest.framework in Frameworks */ = {isa = PBXBuildFile; fileRef = 7870C4DA193BA88D00031D3C /* XCTest.framework */; };
		7870C4DC193BA88D00031D3C /* Foundation.framework in Frameworks */ = {isa = PBXBuildFile; fileRef = 7870C4C1193BA88C00031D3C /* Foundation.framework */; };
		7870C4DD193BA88D00031D3C /* UIKit.framework in Frameworks */ = {isa = PBXBuildFile; fileRef = 7870C4C5193BA88C00031D3C /* UIKit.framework */; };
		7870C4E5193BA88D00031D3C /* InfoPlist.strings in Resources */ = {isa = PBXBuildFile; fileRef = 7870C4E3193BA88D00031D3C /* InfoPlist.strings */; };
		7870C4E7193BA88D00031D3C /* UITabBarControllerTests.m in Sources */ = {isa = PBXBuildFile; fileRef = 7870C4E6193BA88D00031D3C /* UITabBarControllerTests.m */; };
		7870C4F2193BB68E00031D3C /* HomeViewController.m in Sources */ = {isa = PBXBuildFile; fileRef = 7870C4F1193BB68E00031D3C /* HomeViewController.m */; };
		7870C4F5193BB6A500031D3C /* MessageViewController.m in Sources */ = {isa = PBXBuildFile; fileRef = 7870C4F4193BB6A500031D3C /* MessageViewController.m */; };
		7870C4F8193BB6B800031D3C /* SearchViewController.m in Sources */ = {isa = PBXBuildFile; fileRef = 7870C4F7193BB6B800031D3C /* SearchViewController.m */; };
		7870C4FB193BB6C400031D3C /* SettingViewController.m in Sources */ = {isa = PBXBuildFile; fileRef = 7870C4FA193BB6C400031D3C /* SettingViewController.m */; };
		7870C4FD193BBD5000031D3C /* home.png in Resources */ = {isa = PBXBuildFile; fileRef = 7870C4FC193BBD5000031D3C /* home.png */; };
		7870C501193BBFCB00031D3C /* see.png in Resources */ = {isa = PBXBuildFile; fileRef = 7870C4FE193BBFCB00031D3C /* see.png */; };
		7870C502193BBFCB00031D3C /* chance.png in Resources */ = {isa = PBXBuildFile; fileRef = 7870C4FF193BBFCB00031D3C /* chance.png */; };
		7870C503193BBFCB00031D3C /* setting.png in Resources */ = {isa = PBXBuildFile; fileRef = 7870C500193BBFCB00031D3C /* setting.png */; };
		7870C505193BBFF400031D3C /* search@2x.png in Resources */ = {isa = PBXBuildFile; fileRef = 7870C504193BBFF400031D3C /* search@2x.png */; };
/* End PBXBuildFile section */

/* Begin PBXContainerItemProxy section */
		7870C4DE193BA88D00031D3C /* PBXContainerItemProxy */ = {
			isa = PBXContainerItemProxy;
			containerPortal = 7870C4B6193BA88C00031D3C /* Project object */;
			proxyType = 1;
			remoteGlobalIDString = 7870C4BD193BA88C00031D3C;
			remoteInfo = UITabBarController;
		};
/* End PBXContainerItemProxy section */

/* Begin PBXFileReference section */
		7870C4BE193BA88C00031D3C /* UITabBarController.app */ = {isa = PBXFileReference; explicitFileType = wrapper.application; includeInIndex = 0; path = UITabBarController.app; sourceTree = BUILT_PRODUCTS_DIR; };
		7870C4C1193BA88C00031D3C /* Foundation.framework */ = {isa = PBXFileReference; lastKnownFileType = wrapper.framework; name = Foundation.framework; path = System/Library/Frameworks/Foundation.framework; sourceTree = SDKROOT; };
		7870C4C3193BA88C00031D3C /* CoreGraphics.framework */ = {isa = PBXFileReference; lastKnownFileType = wrapper.framework; name = CoreGraphics.framework; path = System/Library/Frameworks/CoreGraphics.framework; sourceTree = SDKROOT; };
		7870C4C5193BA88C00031D3C /* UIKit.framework */ = {isa = PBXFileReference; lastKnownFileType = wrapper.framework; name = UIKit.framework; path = System/Library/Frameworks/UIKit.framework; sourceTree = SDKROOT; };
		7870C4C9193BA88C00031D3C /* UITabBarController-Info.plist */ = {isa = PBXFileReference; lastKnownFileType = text.plist.xml; path = "UITabBarController-Info.plist"; sourceTree = "<group>"; };
		7870C4CB193BA88C00031D3C /* en */ = {isa = PBXFileReference; lastKnownFileType = text.plist.strings; name = en; path = en.lproj/InfoPlist.strings; sourceTree = "<group>"; };
		7870C4CD193BA88C00031D3C /* main.m */ = {isa = PBXFileReference; lastKnownFileType = sourcecode.c.objc; path = main.m; sourceTree = "<group>"; };
		7870C4CF193BA88C00031D3C /* UITabBarController-Prefix.pch */ = {isa = PBXFileReference; lastKnownFileType = sourcecode.c.h; path = "UITabBarController-Prefix.pch"; sourceTree = "<group>"; };
		7870C4D0193BA88C00031D3C /* AppDelegate.h */ = {isa = PBXFileReference; lastKnownFileType = sourcecode.c.h; path = AppDelegate.h; sourceTree = "<group>"; };
		7870C4D1193BA88C00031D3C /* AppDelegate.m */ = {isa = PBXFileReference; lastKnownFileType = sourcecode.c.objc; path = AppDelegate.m; sourceTree = "<group>"; };
		7870C4D3193BA88C00031D3C /* Images.xcassets */ = {isa = PBXFileReference; lastKnownFileType = folder.assetcatalog; path = Images.xcassets; sourceTree = "<group>"; };
		7870C4D9193BA88D00031D3C /* UITabBarControllerTests.xctest */ = {isa = PBXFileReference; explicitFileType = wrapper.cfbundle; includeInIndex = 0; path = UITabBarControllerTests.xctest; sourceTree = BUILT_PRODUCTS_DIR; };
		7870C4DA193BA88D00031D3C /* XCTest.framework */ = {isa = PBXFileReference; lastKnownFileType = wrapper.framework; name = XCTest.framework; path = Library/Frameworks/XCTest.framework; sourceTree = DEVELOPER_DIR; };
		7870C4E2193BA88D00031D3C /* UITabBarControllerTests-Info.plist */ = {isa = PBXFileReference; lastKnownFileType = text.plist.xml; path = "UITabBarControllerTests-Info.plist"; sourceTree = "<group>"; };
		7870C4E4193BA88D00031D3C /* en */ = {isa = PBXFileReference; lastKnownFileType = text.plist.strings; name = en; path = en.lproj/InfoPlist.strings; sourceTree = "<group>"; };
		7870C4E6193BA88D00031D3C /* UITabBarControllerTests.m */ = {isa = PBXFileReference; lastKnownFileType = sourcecode.c.objc; path = UITabBarControllerTests.m; sourceTree = "<group>"; };
		7870C4F0193BB68E00031D3C /* HomeViewController.h */ = {isa = PBXFileReference; fileEncoding = 4; lastKnownFileType = sourcecode.c.h; path = HomeViewController.h; sourceTree = "<group>"; };
		7870C4F1193BB68E00031D3C /* HomeViewController.m */ = {isa = PBXFileReference; fileEncoding = 4; lastKnownFileType = sourcecode.c.objc; path = HomeViewController.m; sourceTree = "<group>"; };
		7870C4F3193BB6A500031D3C /* MessageViewController.h */ = {isa = PBXFileReference; fileEncoding = 4; lastKnownFileType = sourcecode.c.h; path = MessageViewController.h; sourceTree = "<group>"; };
		7870C4F4193BB6A500031D3C /* MessageViewController.m */ = {isa = PBXFileReference; fileEncoding = 4; lastKnownFileType = sourcecode.c.objc; path = MessageViewController.m; sourceTree = "<group>"; };
		7870C4F6193BB6B800031D3C /* SearchViewController.h */ = {isa = PBXFileReference; fileEncoding = 4; lastKnownFileType = sourcecode.c.h; path = SearchViewController.h; sourceTree = "<group>"; };
		7870C4F7193BB6B800031D3C /* SearchViewController.m */ = {isa = PBXFileReference; fileEncoding = 4; lastKnownFileType = sourcecode.c.objc; path = SearchViewController.m; sourceTree = "<group>"; };
		7870C4F9193BB6C400031D3C /* SettingViewController.h */ = {isa = PBXFileReference; fileEncoding = 4; lastKnownFileType = sourcecode.c.h; path = SettingViewController.h; sourceTree = "<group>"; };
		7870C4FA193BB6C400031D3C /* SettingViewController.m */ = {isa = PBXFileReference; fileEncoding = 4; lastKnownFileType = sourcecode.c.objc; path = SettingViewController.m; sourceTree = "<group>"; };
		7870C4FC193BBD5000031D3C /* home.png */ = {isa = PBXFileReference; lastKnownFileType = image.png; name = home.png; path = "../../../千锋知识点自己写的demo/界面下标图片/home.png"; sourceTree = "<group>"; };
		7870C4FE193BBFCB00031D3C /* see.png */ = {isa = PBXFileReference; lastKnownFileType = image.png; name = see.png; path = "../../../千锋知识点自己写的demo/界面下标图片/see.png"; sourceTree = "<group>"; };
		7870C4FF193BBFCB00031D3C /* chance.png */ = {isa = PBXFileReference; lastKnownFileType = image.png; name = chance.png; path = "../../../千锋知识点自己写的demo/界面下标图片/chance.png"; sourceTree = "<group>"; };
		7870C500193BBFCB00031D3C /* setting.png */ = {isa = PBXFileReference; lastKnownFileType = image.png; name = setting.png; path = "../../../千锋知识点自己写的demo/界面下标图片/setting.png"; sourceTree = "<group>"; };
		7870C504193BBFF400031D3C /* search@2x.png */ = {isa = PBXFileReference; lastKnownFileType = image.png; name = "search@2x.png"; path = "../../../千锋知识点自己写的demo/图标大全/search@2x.png"; sourceTree = "<group>"; };
/* End PBXFileReference section */

/* Begin PBXFrameworksBuildPhase section */
		7870C4BB193BA88C00031D3C /* Frameworks */ = {
			isa = PBXFrameworksBuildPhase;
			buildActionMask = 2147483647;
			files = (
				7870C4C4193BA88C00031D3C /* CoreGraphics.framework in Frameworks */,
				7870C4C6193BA88C00031D3C /* UIKit.framework in Frameworks */,
				7870C4C2193BA88C00031D3C /* Foundation.framework in Frameworks */,
			);
			runOnlyForDeploymentPostprocessing = 0;
		};
		7870C4D6193BA88D00031D3C /* Frameworks */ = {
			isa = PBXFrameworksBuildPhase;
			buildActionMask = 2147483647;
			files = (
				7870C4DB193BA88D00031D3C /* XCTest.framework in Frameworks */,
				7870C4DD193BA88D00031D3C /* UIKit.framework in Frameworks */,
				7870C4DC193BA88D00031D3C /* Foundation.framework in Frameworks */,
			);
			runOnlyForDeploymentPostprocessing = 0;
		};
/* End PBXFrameworksBuildPhase section */

/* Begin PBXGroup section */
		7870C4B5193BA88C00031D3C = {
			isa = PBXGroup;
			children = (
				7870C4C7193BA88C00031D3C /* UITabBarController */,
				7870C4E0193BA88D00031D3C /* UITabBarControllerTests */,
				7870C4C0193BA88C00031D3C /* Frameworks */,
				7870C4BF193BA88C00031D3C /* Products */,
			);
			sourceTree = "<group>";
		};
		7870C4BF193BA88C00031D3C /* Products */ = {
			isa = PBXGroup;
			children = (
				7870C4BE193BA88C00031D3C /* UITabBarController.app */,
				7870C4D9193BA88D00031D3C /* UITabBarControllerTests.xctest */,
			);
			name = Products;
			sourceTree = "<group>";
		};
		7870C4C0193BA88C00031D3C /* Frameworks */ = {
			isa = PBXGroup;
			children = (
				7870C4C1193BA88C00031D3C /* Foundation.framework */,
				7870C4C3193BA88C00031D3C /* CoreGraphics.framework */,
				7870C4C5193BA88C00031D3C /* UIKit.framework */,
				7870C4DA193BA88D00031D3C /* XCTest.framework */,
			);
			name = Frameworks;
			sourceTree = "<group>";
		};
		7870C4C7193BA88C00031D3C /* UITabBarController */ = {
			isa = PBXGroup;
			children = (
				7870C4D0193BA88C00031D3C /* AppDelegate.h */,
				7870C4D1193BA88C00031D3C /* AppDelegate.m */,
				7870C4F0193BB68E00031D3C /* HomeViewController.h */,
				7870C4F1193BB68E00031D3C /* HomeViewController.m */,
				7870C4F3193BB6A500031D3C /* MessageViewController.h */,
				7870C4F4193BB6A500031D3C /* MessageViewController.m */,
				7870C4F6193BB6B800031D3C /* SearchViewController.h */,
				7870C4F7193BB6B800031D3C /* SearchViewController.m */,
				7870C4F9193BB6C400031D3C /* SettingViewController.h */,
				7870C4FA193BB6C400031D3C /* SettingViewController.m */,
				7870C4D3193BA88C00031D3C /* Images.xcassets */,
				7870C4C8193BA88C00031D3C /* Supporting Files */,
			);
			path = UITabBarController;
			sourceTree = "<group>";
		};
		7870C4C8193BA88C00031D3C /* Supporting Files */ = {
			isa = PBXGroup;
			children = (
				7870C504193BBFF400031D3C /* search@2x.png */,
				7870C4FE193BBFCB00031D3C /* see.png */,
				7870C4FF193BBFCB00031D3C /* chance.png */,
				7870C500193BBFCB00031D3C /* setting.png */,
				7870C4FC193BBD5000031D3C /* home.png */,
				7870C4C9193BA88C00031D3C /* UITabBarController-Info.plist */,
				7870C4CA193BA88C00031D3C /* InfoPlist.strings */,
				7870C4CD193BA88C00031D3C /* main.m */,
				7870C4CF193BA88C00031D3C /* UITabBarController-Prefix.pch */,
			);
			name = "Supporting Files";
			sourceTree = "<group>";
		};
		7870C4E0193BA88D00031D3C /* UITabBarControllerTests */ = {
			isa = PBXGroup;
			children = (
				7870C4E6193BA88D00031D3C /* UITabBarControllerTests.m */,
				7870C4E1193BA88D00031D3C /* Supporting Files */,
			);
			path = UITabBarControllerTests;
			sourceTree = "<group>";
		};
		7870C4E1193BA88D00031D3C /* Supporting Files */ = {
			isa = PBXGroup;
			children = (
				7870C4E2193BA88D00031D3C /* UITabBarControllerTests-Info.plist */,
				7870C4E3193BA88D00031D3C /* InfoPlist.strings */,
			);
			name = "Supporting Files";
			sourceTree = "<group>";
		};
/* End PBXGroup section */

/* Begin PBXNativeTarget section */
		7870C4BD193BA88C00031D3C /* UITabBarController */ = {
			isa = PBXNativeTarget;
			buildConfigurationList = 7870C4EA193BA88D00031D3C /* Build configuration list for PBXNativeTarget "UITabBarController" */;
			buildPhases = (
				7870C4BA193BA88C00031D3C /* Sources */,
				7870C4BB193BA88C00031D3C /* Frameworks */,
				7870C4BC193BA88C00031D3C /* Resources */,
			);
			buildRules = (
			);
			dependencies = (
			);
			name = UITabBarController;
			productName = UITabBarController;
			productReference = 7870C4BE193BA88C00031D3C /* UITabBarController.app */;
			productType = "com.apple.product-type.application";
		};
		7870C4D8193BA88D00031D3C /* UITabBarControllerTests */ = {
			isa = PBXNativeTarget;
			buildConfigurationList = 7870C4ED193BA88D00031D3C /* Build configuration list for PBXNativeTarget "UITabBarControllerTests" */;
			buildPhases = (
				7870C4D5193BA88D00031D3C /* Sources */,
				7870C4D6193BA88D00031D3C /* Frameworks */,
				7870C4D7193BA88D00031D3C /* Resources */,
			);
			buildRules = (
			);
			dependencies = (
				7870C4DF193BA88D00031D3C /* PBXTargetDependency */,
			);
			name = UITabBarControllerTests;
			productName = UITabBarControllerTests;
			productReference = 7870C4D9193BA88D00031D3C /* UITabBarControllerTests.xctest */;
			productType = "com.apple.product-type.bundle.unit-test";
		};
/* End PBXNativeTarget section */

/* Begin PBXProject section */
		7870C4B6193BA88C00031D3C /* Project object */ = {
			isa = PBXProject;
			attributes = {
				LastUpgradeCheck = 0510;
				ORGANIZATIONNAME = Chobits;
				TargetAttributes = {
					7870C4D8193BA88D00031D3C = {
						TestTargetID = 7870C4BD193BA88C00031D3C;
					};
				};
			};
			buildConfigurationList = 7870C4B9193BA88C00031D3C /* Build configuration list for PBXProject "UITabBarController" */;
			compatibilityVersion = "Xcode 3.2";
			developmentRegion = English;
			hasScannedForEncodings = 0;
			knownRegions = (
				en,
			);
			mainGroup = 7870C4B5193BA88C00031D3C;
			productRefGroup = 7870C4BF193BA88C00031D3C /* Products */;
			projectDirPath = "";
			projectRoot = "";
			targets = (
				7870C4BD193BA88C00031D3C /* UITabBarController */,
				7870C4D8193BA88D00031D3C /* UITabBarControllerTests */,
			);
		};
/* End PBXProject section */

/* Begin PBXResourcesBuildPhase section */
		7870C4BC193BA88C00031D3C /* Resources */ = {
			isa = PBXResourcesBuildPhase;
			buildActionMask = 2147483647;
			files = (
				7870C505193BBFF400031D3C /* search@2x.png in Resources */,
				7870C4CC193BA88C00031D3C /* InfoPlist.strings in Resources */,
				7870C502193BBFCB00031D3C /* chance.png in Resources */,
				7870C4D4193BA88C00031D3C /* Images.xcassets in Resources */,
				7870C4FD193BBD5000031D3C /* home.png in Resources */,
				7870C501193BBFCB00031D3C /* see.png in Resources */,
				7870C503193BBFCB00031D3C /* setting.png in Resources */,
			);
			runOnlyForDeploymentPostprocessing = 0;
		};
		7870C4D7193BA88D00031D3C /* Resources */ = {
			isa = PBXResourcesBuildPhase;
			buildActionMask = 2147483647;
			files = (
				7870C4E5193BA88D00031D3C /* InfoPlist.strings in Resources */,
			);
			runOnlyForDeploymentPostprocessing = 0;
		};
/* End PBXResourcesBuildPhase section */

/* Begin PBXSourcesBuildPhase section */
		7870C4BA193BA88C00031D3C /* Sources */ = {
			isa = PBXSourcesBuildPhase;
			buildActionMask = 2147483647;
			files = (
				7870C4D2193BA88C00031D3C /* AppDelegate.m in Sources */,
				7870C4CE193BA88C00031D3C /* main.m in Sources */,
				7870C4F8193BB6B800031D3C /* SearchViewController.m in Sources */,
				7870C4F5193BB6A500031D3C /* MessageViewController.m in Sources */,
				7870C4F2193BB68E00031D3C /* HomeViewController.m in Sources */,
				7870C4FB193BB6C400031D3C /* SettingViewController.m in Sources */,
			);
			runOnlyForDeploymentPostprocessing = 0;
		};
		7870C4D5193BA88D00031D3C /* Sources */ = {
			isa = PBXSourcesBuildPhase;
			buildActionMask = 2147483647;
			files = (
				7870C4E7193BA88D00031D3C /* UITabBarControllerTests.m in Sources */,
			);
			runOnlyForDeploymentPostprocessing = 0;
		};
/* End PBXSourcesBuildPhase section */

/* Begin PBXTargetDependency section */
		7870C4DF193BA88D00031D3C /* PBXTargetDependency */ = {
			isa = PBXTargetDependency;
			target = 7870C4BD193BA88C00031D3C /* UITabBarController */;
			targetProxy = 7870C4DE193BA88D00031D3C /* PBXContainerItemProxy */;
		};
/* End PBXTargetDependency section */

/* Begin PBXVariantGroup section */
		7870C4CA193BA88C00031D3C /* InfoPlist.strings */ = {
			isa = PBXVariantGroup;
			children = (
				7870C4CB193BA88C00031D3C /* en */,
			);
			name = InfoPlist.strings;
			sourceTree = "<group>";
		};
		7870C4E3193BA88D00031D3C /* InfoPlist.strings */ = {
			isa = PBXVariantGroup;
			children = (
				7870C4E4193BA88D00031D3C /* en */,
			);
			name = InfoPlist.strings;
			sourceTree = "<group>";
		};
/* End PBXVariantGroup section */

/* Begin XCBuildConfiguration section */
		7870C4E8193BA88D00031D3C /* Debug */ = {
			isa = XCBuildConfiguration;
			buildSettings = {
				ALWAYS_SEARCH_USER_PATHS = NO;
				CLANG_CXX_LANGUAGE_STANDARD = "gnu++0x";
				CLANG_CXX_LIBRARY = "libc++";
				CLANG_ENABLE_MODULES = YES;
				CLANG_ENABLE_OBJC_ARC = YES;
				CLANG_WARN_BOOL_CONVERSION = YES;
				CLANG_WARN_CONSTANT_CONVERSION = YES;
				CLANG_WARN_DIRECT_OBJC_ISA_USAGE = YES_ERROR;
				CLANG_WARN_EMPTY_BODY = YES;
				CLANG_WARN_ENUM_CONVERSION = YES;
				CLANG_WARN_INT_CONVERSION = YES;
				CLANG_WARN_OBJC_ROOT_CLASS = YES_ERROR;
				CLANG_WARN__DUPLICATE_METHOD_MATCH = YES;
				"CODE_SIGN_IDENTITY[sdk=iphoneos*]" = "iPhone Developer";
				COPY_PHASE_STRIP = NO;
				GCC_C_LANGUAGE_STANDARD = gnu99;
				GCC_DYNAMIC_NO_PIC = NO;
				GCC_OPTIMIZATION_LEVEL = 0;
				GCC_PREPROCESSOR_DEFINITIONS = (
					"DEBUG=1",
					"$(inherited)",
				);
				GCC_SYMBOLS_PRIVATE_EXTERN = NO;
				GCC_WARN_64_TO_32_BIT_CONVERSION = YES;
				GCC_WARN_ABOUT_RETURN_TYPE = YES_ERROR;
				GCC_WARN_UNDECLARED_SELECTOR = YES;
				GCC_WARN_UNINITIALIZED_AUTOS = YES_AGGRESSIVE;
				GCC_WARN_UNUSED_FUNCTION = YES;
				GCC_WARN_UNUSED_VARIABLE = YES;
				IPHONEOS_DEPLOYMENT_TARGET = 7.1;
				ONLY_ACTIVE_ARCH = YES;
				SDKROOT = iphoneos;
			};
			name = Debug;
		};
		7870C4E9193BA88D00031D3C /* Release */ = {
			isa = XCBuildConfiguration;
			buildSettings = {
				ALWAYS_SEARCH_USER_PATHS = NO;
				CLANG_CXX_LANGUAGE_STANDARD = "gnu++0x";
				CLANG_CXX_LIBRARY = "libc++";
				CLANG_ENABLE_MODULES = YES;
				CLANG_ENABLE_OBJC_ARC = YES;
				CLANG_WARN_BOOL_CONVERSION = YES;
				CLANG_WARN_CONSTANT_CONVERSION = YES;
				CLANG_WARN_DIRECT_OBJC_ISA_USAGE = YES_ERROR;
				CLANG_WARN_EMPTY_BODY = YES;
				CLANG_WARN_ENUM_CONVERSION = YES;
				CLANG_WARN_INT_CONVERSION = YES;
				CLANG_WARN_OBJC_ROOT_CLASS = YES_ERROR;
				CLANG_WARN__DUPLICATE_METHOD_MATCH = YES;
				"CODE_SIGN_IDENTITY[sdk=iphoneos*]" = "iPhone Developer";
				COPY_PHASE_STRIP = YES;
				ENABLE_NS_ASSERTIONS = NO;
				GCC_C_LANGUAGE_STANDARD = gnu99;
				GCC_WARN_64_TO_32_BIT_CONVERSION = YES;
				GCC_WARN_ABOUT_RETURN_TYPE = YES_ERROR;
				GCC_WARN_UNDECLARED_SELECTOR = YES;
				GCC_WARN_UNINITIALIZED_AUTOS = YES_AGGRESSIVE;
				GCC_WARN_UNUSED_FUNCTION = YES;
				GCC_WARN_UNUSED_VARIABLE = YES;
				IPHONEOS_DEPLOYMENT_TARGET = 7.1;
				SDKROOT = iphoneos;
				VALIDATE_PRODUCT = YES;
			};
			name = Release;
		};
		7870C4EB193BA88D00031D3C /* Debug */ = {
			isa = XCBuildConfiguration;
			buildSettings = {
				ASSETCATALOG_COMPILER_APPICON_NAME = AppIcon;
				ASSETCATALOG_COMPILER_LAUNCHIMAGE_NAME = LaunchImage;
				GCC_PRECOMPILE_PREFIX_HEADER = YES;
				GCC_PREFIX_HEADER = "UITabBarController/UITabBarController-Prefix.pch";
				INFOPLIST_FILE = "UITabBarController/UITabBarController-Info.plist";
				IPHONEOS_DEPLOYMENT_TARGET = 6.1;
				PRODUCT_NAME = "$(TARGET_NAME)";
				WRAPPER_EXTENSION = app;
			};
			name = Debug;
		};
		7870C4EC193BA88D00031D3C /* Release */ = {
			isa = XCBuildConfiguration;
			buildSettings = {
				ASSETCATALOG_COMPILER_APPICON_NAME = AppIcon;
				ASSETCATALOG_COMPILER_LAUNCHIMAGE_NAME = LaunchImage;
				GCC_PRECOMPILE_PREFIX_HEADER = YES;
				GCC_PREFIX_HEADER = "UITabBarController/UITabBarController-Prefix.pch";
				INFOPLIST_FILE = "UITabBarController/UITabBarController-Info.plist";
				IPHONEOS_DEPLOYMENT_TARGET = 6.1;
				PRODUCT_NAME = "$(TARGET_NAME)";
				WRAPPER_EXTENSION = app;
			};
			name = Release;
		};
		7870C4EE193BA88D00031D3C /* Debug */ = {
			isa = XCBuildConfiguration;
			buildSettings = {
				BUNDLE_LOADER = "$(BUILT_PRODUCTS_DIR)/UITabBarController.app/UITabBarController";
				FRAMEWORK_SEARCH_PATHS = (
					"$(SDKROOT)/Developer/Library/Frameworks",
					"$(inherited)",
					"$(DEVELOPER_FRAMEWORKS_DIR)",
				);
				GCC_PRECOMPILE_PREFIX_HEADER = YES;
				GCC_PREFIX_HEADER = "UITabBarController/UITabBarController-Prefix.pch";
				GCC_PREPROCESSOR_DEFINITIONS = (
					"DEBUG=1",
					"$(inherited)",
				);
				INFOPLIST_FILE = "UITabBarControllerTests/UITabBarControllerTests-Info.plist";
				PRODUCT_NAME = "$(TARGET_NAME)";
				TEST_HOST = "$(BUNDLE_LOADER)";
				WRAPPER_EXTENSION = xctest;
			};
			name = Debug;
		};
		7870C4EF193BA88D00031D3C /* Release */ = {
			isa = XCBuildConfiguration;
			buildSettings = {
				BUNDLE_LOADER = "$(BUILT_PRODUCTS_DIR)/UITabBarController.app/UITabBarController";
				FRAMEWORK_SEARCH_PATHS = (
					"$(SDKROOT)/Developer/Library/Frameworks",
					"$(inherited)",
					"$(DEVELOPER_FRAMEWORKS_DIR)",
				);
				GCC_PRECOMPILE_PREFIX_HEADER = YES;
				GCC_PREFIX_HEADER = "UITabBarController/UITabBarController-Prefix.pch";
				INFOPLIST_FILE = "UITabBarControllerTests/UITabBarControllerTests-Info.plist";
				PRODUCT_NAME = "$(TARGET_NAME)";
				TEST_HOST = "$(BUNDLE_LOADER)";
				WRAPPER_EXTENSION = xctest;
			};
			name = Release;
		};
/* End XCBuildConfiguration section */

/* Begin XCConfigurationList section */
		7870C4B9193BA88C00031D3C /* Build configuration list for PBXProject "UITabBarController" */ = {
			isa = XCConfigurationList;
			buildConfigurations = (
				7870C4E8193BA88D00031D3C /* Debug */,
				7870C4E9193BA88D00031D3C /* Release */,
			);
			defaultConfigurationIsVisible = 0;
			defaultConfigurationName = Release;
		};
		7870C4EA193BA88D00031D3C /* Build configuration list for PBXNativeTarget "UITabBarController" */ = {
			isa = XCConfigurationList;
			buildConfigurations = (
				7870C4EB193BA88D00031D3C /* Debug */,
				7870C4EC193BA88D00031D3C /* Release */,
			);
			defaultConfigurationIsVisible = 0;
		};
		7870C4ED193BA88D00031D3C /* Build configuration list for PBXNativeTarget "UITabBarControllerTests" */ = {
			isa = XCConfigurationList;
			buildConfigurations = (
				7870C4EE193BA88D00031D3C /* Debug */,
				7870C4EF193BA88D00031D3C /* Release */,
			);
			defaultConfigurationIsVisible = 0;
		};
/* End XCConfigurationList section */
	};
	rootObject = 7870C4B6193BA88C00031D3C /* Project object */;
}
