// !$*UTF8*$!
{
	archiveVersion = 1;
	classes = {
	};
	objectVersion = 46;
	objects = {

/* Begin PBXBuildFile section */
		782738DB1935FE01002F939D /* Foundation.framework in Frameworks */ = {isa = PBXBuildFile; fileRef = 782738DA1935FE01002F939D /* Foundation.framework */; };
		782738DD1935FE01002F939D /* CoreGraphics.framework in Frameworks */ = {isa = PBXBuildFile; fileRef = 782738DC1935FE01002F939D /* CoreGraphics.framework */; };
		782738DF1935FE01002F939D /* UIKit.framework in Frameworks */ = {isa = PBXBuildFile; fileRef = 782738DE1935FE01002F939D /* UIKit.framework */; };
		782738E51935FE01002F939D /* InfoPlist.strings in Resources */ = {isa = PBXBuildFile; fileRef = 782738E31935FE01002F939D /* InfoPlist.strings */; };
		782738E71935FE01002F939D /* main.m in Sources */ = {isa = PBXBuildFile; fileRef = 782738E61935FE01002F939D /* main.m */; };
		782738EB1935FE01002F939D /* _AppDelegate.m in Sources */ = {isa = PBXBuildFile; fileRef = 782738EA1935FE01002F939D /* _AppDelegate.m */; };
		782738ED1935FE01002F939D /* Images.xcassets in Resources */ = {isa = PBXBuildFile; fileRef = 782738EC1935FE01002F939D /* Images.xcassets */; };
		782738F41935FE01002F939D /* XCTest.framework in Frameworks */ = {isa = PBXBuildFile; fileRef = 782738F31935FE01002F939D /* XCTest.framework */; };
		782738F51935FE01002F939D /* Foundation.framework in Frameworks */ = {isa = PBXBuildFile; fileRef = 782738DA1935FE01002F939D /* Foundation.framework */; };
		782738F61935FE01002F939D /* UIKit.framework in Frameworks */ = {isa = PBXBuildFile; fileRef = 782738DE1935FE01002F939D /* UIKit.framework */; };
		782738FE1935FE01002F939D /* InfoPlist.strings in Resources */ = {isa = PBXBuildFile; fileRef = 782738FC1935FE01002F939D /* InfoPlist.strings */; };
		782739001935FE01002F939D /* UISliderTests.m in Sources */ = {isa = PBXBuildFile; fileRef = 782738FF1935FE01002F939D /* UISliderTests.m */; };
/* End PBXBuildFile section */

/* Begin PBXContainerItemProxy section */
		782738F71935FE01002F939D /* PBXContainerItemProxy */ = {
			isa = PBXContainerItemProxy;
			containerPortal = 782738CF1935FE01002F939D /* Project object */;
			proxyType = 1;
			remoteGlobalIDString = 782738D61935FE01002F939D;
			remoteInfo = UISlider;
		};
/* End PBXContainerItemProxy section */

/* Begin PBXFileReference section */
		782738D71935FE01002F939D /* UISlider.app */ = {isa = PBXFileReference; explicitFileType = wrapper.application; includeInIndex = 0; path = UISlider.app; sourceTree = BUILT_PRODUCTS_DIR; };
		782738DA1935FE01002F939D /* Foundation.framework */ = {isa = PBXFileReference; lastKnownFileType = wrapper.framework; name = Foundation.framework; path = System/Library/Frameworks/Foundation.framework; sourceTree = SDKROOT; };
		782738DC1935FE01002F939D /* CoreGraphics.framework */ = {isa = PBXFileReference; lastKnownFileType = wrapper.framework; name = CoreGraphics.framework; path = System/Library/Frameworks/CoreGraphics.framework; sourceTree = SDKROOT; };
		782738DE1935FE01002F939D /* UIKit.framework */ = {isa = PBXFileReference; lastKnownFileType = wrapper.framework; name = UIKit.framework; path = System/Library/Frameworks/UIKit.framework; sourceTree = SDKROOT; };
		782738E21935FE01002F939D /* UISlider-Info.plist */ = {isa = PBXFileReference; lastKnownFileType = text.plist.xml; path = "UISlider-Info.plist"; sourceTree = "<group>"; };
		782738E41935FE01002F939D /* en */ = {isa = PBXFileReference; lastKnownFileType = text.plist.strings; name = en; path = en.lproj/InfoPlist.strings; sourceTree = "<group>"; };
		782738E61935FE01002F939D /* main.m */ = {isa = PBXFileReference; lastKnownFileType = sourcecode.c.objc; path = main.m; sourceTree = "<group>"; };
		782738E81935FE01002F939D /* UISlider-Prefix.pch */ = {isa = PBXFileReference; lastKnownFileType = sourcecode.c.h; path = "UISlider-Prefix.pch"; sourceTree = "<group>"; };
		782738E91935FE01002F939D /* _AppDelegate.h */ = {isa = PBXFileReference; lastKnownFileType = sourcecode.c.h; path = _AppDelegate.h; sourceTree = "<group>"; };
		782738EA1935FE01002F939D /* _AppDelegate.m */ = {isa = PBXFileReference; lastKnownFileType = sourcecode.c.objc; path = _AppDelegate.m; sourceTree = "<group>"; };
		782738EC1935FE01002F939D /* Images.xcassets */ = {isa = PBXFileReference; lastKnownFileType = folder.assetcatalog; path = Images.xcassets; sourceTree = "<group>"; };
		782738F21935FE01002F939D /* UISliderTests.xctest */ = {isa = PBXFileReference; explicitFileType = wrapper.cfbundle; includeInIndex = 0; path = UISliderTests.xctest; sourceTree = BUILT_PRODUCTS_DIR; };
		782738F31935FE01002F939D /* XCTest.framework */ = {isa = PBXFileReference; lastKnownFileType = wrapper.framework; name = XCTest.framework; path = Library/Frameworks/XCTest.framework; sourceTree = DEVELOPER_DIR; };
		782738FB1935FE01002F939D /* UISliderTests-Info.plist */ = {isa = PBXFileReference; lastKnownFileType = text.plist.xml; path = "UISliderTests-Info.plist"; sourceTree = "<group>"; };
		782738FD1935FE01002F939D /* en */ = {isa = PBXFileReference; lastKnownFileType = text.plist.strings; name = en; path = en.lproj/InfoPlist.strings; sourceTree = "<group>"; };
		782738FF1935FE01002F939D /* UISliderTests.m */ = {isa = PBXFileReference; lastKnownFileType = sourcecode.c.objc; path = UISliderTests.m; sourceTree = "<group>"; };
/* End PBXFileReference section */

/* Begin PBXFrameworksBuildPhase section */
		782738D41935FE01002F939D /* Frameworks */ = {
			isa = PBXFrameworksBuildPhase;
			buildActionMask = 2147483647;
			files = (
				782738DD1935FE01002F939D /* CoreGraphics.framework in Frameworks */,
				782738DF1935FE01002F939D /* UIKit.framework in Frameworks */,
				782738DB1935FE01002F939D /* Foundation.framework in Frameworks */,
			);
			runOnlyForDeploymentPostprocessing = 0;
		};
		782738EF1935FE01002F939D /* Frameworks */ = {
			isa = PBXFrameworksBuildPhase;
			buildActionMask = 2147483647;
			files = (
				782738F41935FE01002F939D /* XCTest.framework in Frameworks */,
				782738F61935FE01002F939D /* UIKit.framework in Frameworks */,
				782738F51935FE01002F939D /* Foundation.framework in Frameworks */,
			);
			runOnlyForDeploymentPostprocessing = 0;
		};
/* End PBXFrameworksBuildPhase section */

/* Begin PBXGroup section */
		782738CE1935FE01002F939D = {
			isa = PBXGroup;
			children = (
				782738E01935FE01002F939D /* UISlider */,
				782738F91935FE01002F939D /* UISliderTests */,
				782738D91935FE01002F939D /* Frameworks */,
				782738D81935FE01002F939D /* Products */,
			);
			sourceTree = "<group>";
		};
		782738D81935FE01002F939D /* Products */ = {
			isa = PBXGroup;
			children = (
				782738D71935FE01002F939D /* UISlider.app */,
				782738F21935FE01002F939D /* UISliderTests.xctest */,
			);
			name = Products;
			sourceTree = "<group>";
		};
		782738D91935FE01002F939D /* Frameworks */ = {
			isa = PBXGroup;
			children = (
				782738DA1935FE01002F939D /* Foundation.framework */,
				782738DC1935FE01002F939D /* CoreGraphics.framework */,
				782738DE1935FE01002F939D /* UIKit.framework */,
				782738F31935FE01002F939D /* XCTest.framework */,
			);
			name = Frameworks;
			sourceTree = "<group>";
		};
		782738E01935FE01002F939D /* UISlider */ = {
			isa = PBXGroup;
			children = (
				782738E91935FE01002F939D /* _AppDelegate.h */,
				782738EA1935FE01002F939D /* _AppDelegate.m */,
				782738EC1935FE01002F939D /* Images.xcassets */,
				782738E11935FE01002F939D /* Supporting Files */,
			);
			path = UISlider;
			sourceTree = "<group>";
		};
		782738E11935FE01002F939D /* Supporting Files */ = {
			isa = PBXGroup;
			children = (
				782738E21935FE01002F939D /* UISlider-Info.plist */,
				782738E31935FE01002F939D /* InfoPlist.strings */,
				782738E61935FE01002F939D /* main.m */,
				782738E81935FE01002F939D /* UISlider-Prefix.pch */,
			);
			name = "Supporting Files";
			sourceTree = "<group>";
		};
		782738F91935FE01002F939D /* UISliderTests */ = {
			isa = PBXGroup;
			children = (
				782738FF1935FE01002F939D /* UISliderTests.m */,
				782738FA1935FE01002F939D /* Supporting Files */,
			);
			path = UISliderTests;
			sourceTree = "<group>";
		};
		782738FA1935FE01002F939D /* Supporting Files */ = {
			isa = PBXGroup;
			children = (
				782738FB1935FE01002F939D /* UISliderTests-Info.plist */,
				782738FC1935FE01002F939D /* InfoPlist.strings */,
			);
			name = "Supporting Files";
			sourceTree = "<group>";
		};
/* End PBXGroup section */

/* Begin PBXNativeTarget section */
		782738D61935FE01002F939D /* UISlider */ = {
			isa = PBXNativeTarget;
			buildConfigurationList = 782739031935FE01002F939D /* Build configuration list for PBXNativeTarget "UISlider" */;
			buildPhases = (
				782738D31935FE01002F939D /* Sources */,
				782738D41935FE01002F939D /* Frameworks */,
				782738D51935FE01002F939D /* Resources */,
			);
			buildRules = (
			);
			dependencies = (
			);
			name = UISlider;
			productName = UISlider;
			productReference = 782738D71935FE01002F939D /* UISlider.app */;
			productType = "com.apple.product-type.application";
		};
		782738F11935FE01002F939D /* UISliderTests */ = {
			isa = PBXNativeTarget;
			buildConfigurationList = 782739061935FE01002F939D /* Build configuration list for PBXNativeTarget "UISliderTests" */;
			buildPhases = (
				782738EE1935FE01002F939D /* Sources */,
				782738EF1935FE01002F939D /* Frameworks */,
				782738F01935FE01002F939D /* Resources */,
			);
			buildRules = (
			);
			dependencies = (
				782738F81935FE01002F939D /* PBXTargetDependency */,
			);
			name = UISliderTests;
			productName = UISliderTests;
			productReference = 782738F21935FE01002F939D /* UISliderTests.xctest */;
			productType = "com.apple.product-type.bundle.unit-test";
		};
/* End PBXNativeTarget section */

/* Begin PBXProject section */
		782738CF1935FE01002F939D /* Project object */ = {
			isa = PBXProject;
			attributes = {
				CLASSPREFIX = 1;
				LastUpgradeCheck = 0510;
				ORGANIZATIONNAME = Chobits;
				TargetAttributes = {
					782738F11935FE01002F939D = {
						TestTargetID = 782738D61935FE01002F939D;
					};
				};
			};
			buildConfigurationList = 782738D21935FE01002F939D /* Build configuration list for PBXProject "UISlider" */;
			compatibilityVersion = "Xcode 3.2";
			developmentRegion = English;
			hasScannedForEncodings = 0;
			knownRegions = (
				en,
			);
			mainGroup = 782738CE1935FE01002F939D;
			productRefGroup = 782738D81935FE01002F939D /* Products */;
			projectDirPath = "";
			projectRoot = "";
			targets = (
				782738D61935FE01002F939D /* UISlider */,
				782738F11935FE01002F939D /* UISliderTests */,
			);
		};
/* End PBXProject section */

/* Begin PBXResourcesBuildPhase section */
		782738D51935FE01002F939D /* Resources */ = {
			isa = PBXResourcesBuildPhase;
			buildActionMask = 2147483647;
			files = (
				782738E51935FE01002F939D /* InfoPlist.strings in Resources */,
				782738ED1935FE01002F939D /* Images.xcassets in Resources */,
			);
			runOnlyForDeploymentPostprocessing = 0;
		};
		782738F01935FE01002F939D /* Resources */ = {
			isa = PBXResourcesBuildPhase;
			buildActionMask = 2147483647;
			files = (
				782738FE1935FE01002F939D /* InfoPlist.strings in Resources */,
			);
			runOnlyForDeploymentPostprocessing = 0;
		};
/* End PBXResourcesBuildPhase section */

/* Begin PBXSourcesBuildPhase section */
		782738D31935FE01002F939D /* Sources */ = {
			isa = PBXSourcesBuildPhase;
			buildActionMask = 2147483647;
			files = (
				782738EB1935FE01002F939D /* _AppDelegate.m in Sources */,
				782738E71935FE01002F939D /* main.m in Sources */,
			);
			runOnlyForDeploymentPostprocessing = 0;
		};
		782738EE1935FE01002F939D /* Sources */ = {
			isa = PBXSourcesBuildPhase;
			buildActionMask = 2147483647;
			files = (
				782739001935FE01002F939D /* UISliderTests.m in Sources */,
			);
			runOnlyForDeploymentPostprocessing = 0;
		};
/* End PBXSourcesBuildPhase section */

/* Begin PBXTargetDependency section */
		782738F81935FE01002F939D /* PBXTargetDependency */ = {
			isa = PBXTargetDependency;
			target = 782738D61935FE01002F939D /* UISlider */;
			targetProxy = 782738F71935FE01002F939D /* PBXContainerItemProxy */;
		};
/* End PBXTargetDependency section */

/* Begin PBXVariantGroup section */
		782738E31935FE01002F939D /* InfoPlist.strings */ = {
			isa = PBXVariantGroup;
			children = (
				782738E41935FE01002F939D /* en */,
			);
			name = InfoPlist.strings;
			sourceTree = "<group>";
		};
		782738FC1935FE01002F939D /* InfoPlist.strings */ = {
			isa = PBXVariantGroup;
			children = (
				782738FD1935FE01002F939D /* en */,
			);
			name = InfoPlist.strings;
			sourceTree = "<group>";
		};
/* End PBXVariantGroup section */

/* Begin XCBuildConfiguration section */
		782739011935FE01002F939D /* Debug */ = {
			isa = XCBuildConfiguration;
			buildSettings = {
				ALWAYS_SEARCH_USER_PATHS = NO;
				CLANG_CXX_LANGUAGE_STANDARD = "gnu++0x";
				CLANG_CXX_LIBRARY = "libc++";
				CLANG_ENABLE_MODULES = YES;
				CLANG_ENABLE_OBJC_ARC = YES;
				CLANG_WARN_BOOL_CONVERSION = YES;
				CLANG_WARN_CONSTANT_CONVERSION = YES;
				CLANG_WARN_DIRECT_OBJC_ISA_USAGE = YES_ERROR;
				CLANG_WARN_EMPTY_BODY = YES;
				CLANG_WARN_ENUM_CONVERSION = YES;
				CLANG_WARN_INT_CONVERSION = YES;
				CLANG_WARN_OBJC_ROOT_CLASS = YES_ERROR;
				CLANG_WARN__DUPLICATE_METHOD_MATCH = YES;
				"CODE_SIGN_IDENTITY[sdk=iphoneos*]" = "iPhone Developer";
				COPY_PHASE_STRIP = NO;
				GCC_C_LANGUAGE_STANDARD = gnu99;
				GCC_DYNAMIC_NO_PIC = NO;
				GCC_OPTIMIZATION_LEVEL = 0;
				GCC_PREPROCESSOR_DEFINITIONS = (
					"DEBUG=1",
					"$(inherited)",
				);
				GCC_SYMBOLS_PRIVATE_EXTERN = NO;
				GCC_WARN_64_TO_32_BIT_CONVERSION = YES;
				GCC_WARN_ABOUT_RETURN_TYPE = YES_ERROR;
				GCC_WARN_UNDECLARED_SELECTOR = YES;
				GCC_WARN_UNINITIALIZED_AUTOS = YES_AGGRESSIVE;
				GCC_WARN_UNUSED_FUNCTION = YES;
				GCC_WARN_UNUSED_VARIABLE = YES;
				IPHONEOS_DEPLOYMENT_TARGET = 7.1;
				ONLY_ACTIVE_ARCH = YES;
				SDKROOT = iphoneos;
			};
			name = Debug;
		};
		782739021935FE01002F939D /* Release */ = {
			isa = XCBuildConfiguration;
			buildSettings = {
				ALWAYS_SEARCH_USER_PATHS = NO;
				CLANG_CXX_LANGUAGE_STANDARD = "gnu++0x";
				CLANG_CXX_LIBRARY = "libc++";
				CLANG_ENABLE_MODULES = YES;
				CLANG_ENABLE_OBJC_ARC = YES;
				CLANG_WARN_BOOL_CONVERSION = YES;
				CLANG_WARN_CONSTANT_CONVERSION = YES;
				CLANG_WARN_DIRECT_OBJC_ISA_USAGE = YES_ERROR;
				CLANG_WARN_EMPTY_BODY = YES;
				CLANG_WARN_ENUM_CONVERSION = YES;
				CLANG_WARN_INT_CONVERSION = YES;
				CLANG_WARN_OBJC_ROOT_CLASS = YES_ERROR;
				CLANG_WARN__DUPLICATE_METHOD_MATCH = YES;
				"CODE_SIGN_IDENTITY[sdk=iphoneos*]" = "iPhone Developer";
				COPY_PHASE_STRIP = YES;
				ENABLE_NS_ASSERTIONS = NO;
				GCC_C_LANGUAGE_STANDARD = gnu99;
				GCC_WARN_64_TO_32_BIT_CONVERSION = YES;
				GCC_WARN_ABOUT_RETURN_TYPE = YES_ERROR;
				GCC_WARN_UNDECLARED_SELECTOR = YES;
				GCC_WARN_UNINITIALIZED_AUTOS = YES_AGGRESSIVE;
				GCC_WARN_UNUSED_FUNCTION = YES;
				GCC_WARN_UNUSED_VARIABLE = YES;
				IPHONEOS_DEPLOYMENT_TARGET = 7.1;
				SDKROOT = iphoneos;
				VALIDATE_PRODUCT = YES;
			};
			name = Release;
		};
		782739041935FE01002F939D /* Debug */ = {
			isa = XCBuildConfiguration;
			buildSettings = {
				ASSETCATALOG_COMPILER_APPICON_NAME = AppIcon;
				ASSETCATALOG_COMPILER_LAUNCHIMAGE_NAME = LaunchImage;
				GCC_PRECOMPILE_PREFIX_HEADER = YES;
				GCC_PREFIX_HEADER = "UISlider/UISlider-Prefix.pch";
				INFOPLIST_FILE = "UISlider/UISlider-Info.plist";
				IPHONEOS_DEPLOYMENT_TARGET = 6.0;
				PRODUCT_NAME = "$(TARGET_NAME)";
				WRAPPER_EXTENSION = app;
			};
			name = Debug;
		};
		782739051935FE01002F939D /* Release */ = {
			isa = XCBuildConfiguration;
			buildSettings = {
				ASSETCATALOG_COMPILER_APPICON_NAME = AppIcon;
				ASSETCATALOG_COMPILER_LAUNCHIMAGE_NAME = LaunchImage;
				GCC_PRECOMPILE_PREFIX_HEADER = YES;
				GCC_PREFIX_HEADER = "UISlider/UISlider-Prefix.pch";
				INFOPLIST_FILE = "UISlider/UISlider-Info.plist";
				IPHONEOS_DEPLOYMENT_TARGET = 6.0;
				PRODUCT_NAME = "$(TARGET_NAME)";
				WRAPPER_EXTENSION = app;
			};
			name = Release;
		};
		782739071935FE01002F939D /* Debug */ = {
			isa = XCBuildConfiguration;
			buildSettings = {
				BUNDLE_LOADER = "$(BUILT_PRODUCTS_DIR)/UISlider.app/UISlider";
				FRAMEWORK_SEARCH_PATHS = (
					"$(SDKROOT)/Developer/Library/Frameworks",
					"$(inherited)",
					"$(DEVELOPER_FRAMEWORKS_DIR)",
				);
				GCC_PRECOMPILE_PREFIX_HEADER = YES;
				GCC_PREFIX_HEADER = "UISlider/UISlider-Prefix.pch";
				GCC_PREPROCESSOR_DEFINITIONS = (
					"DEBUG=1",
					"$(inherited)",
				);
				INFOPLIST_FILE = "UISliderTests/UISliderTests-Info.plist";
				PRODUCT_NAME = "$(TARGET_NAME)";
				TEST_HOST = "$(BUNDLE_LOADER)";
				WRAPPER_EXTENSION = xctest;
			};
			name = Debug;
		};
		782739081935FE01002F939D /* Release */ = {
			isa = XCBuildConfiguration;
			buildSettings = {
				BUNDLE_LOADER = "$(BUILT_PRODUCTS_DIR)/UISlider.app/UISlider";
				FRAMEWORK_SEARCH_PATHS = (
					"$(SDKROOT)/Developer/Library/Frameworks",
					"$(inherited)",
					"$(DEVELOPER_FRAMEWORKS_DIR)",
				);
				GCC_PRECOMPILE_PREFIX_HEADER = YES;
				GCC_PREFIX_HEADER = "UISlider/UISlider-Prefix.pch";
				INFOPLIST_FILE = "UISliderTests/UISliderTests-Info.plist";
				PRODUCT_NAME = "$(TARGET_NAME)";
				TEST_HOST = "$(BUNDLE_LOADER)";
				WRAPPER_EXTENSION = xctest;
			};
			name = Release;
		};
/* End XCBuildConfiguration section */

/* Begin XCConfigurationList section */
		782738D21935FE01002F939D /* Build configuration list for PBXProject "UISlider" */ = {
			isa = XCConfigurationList;
			buildConfigurations = (
				782739011935FE01002F939D /* Debug */,
				782739021935FE01002F939D /* Release */,
			);
			defaultConfigurationIsVisible = 0;
			defaultConfigurationName = Release;
		};
		782739031935FE01002F939D /* Build configuration list for PBXNativeTarget "UISlider" */ = {
			isa = XCConfigurationList;
			buildConfigurations = (
				782739041935FE01002F939D /* Debug */,
				782739051935FE01002F939D /* Release */,
			);
			defaultConfigurationIsVisible = 0;
		};
		782739061935FE01002F939D /* Build configuration list for PBXNativeTarget "UISliderTests" */ = {
			isa = XCConfigurationList;
			buildConfigurations = (
				782739071935FE01002F939D /* Debug */,
				782739081935FE01002F939D /* Release */,
			);
			defaultConfigurationIsVisible = 0;
		};
/* End XCConfigurationList section */
	};
	rootObject = 782738CF1935FE01002F939D /* Project object */;
}
