// !$*UTF8*$!
{
	archiveVersion = 1;
	classes = {
	};
	objectVersion = 46;
	objects = {

/* Begin PBXBuildFile section */
		783181171934DCC1008B99DF /* Foundation.framework in Frameworks */ = {isa = PBXBuildFile; fileRef = 783181161934DCC1008B99DF /* Foundation.framework */; };
		783181191934DCC1008B99DF /* CoreGraphics.framework in Frameworks */ = {isa = PBXBuildFile; fileRef = 783181181934DCC1008B99DF /* CoreGraphics.framework */; };
		7831811B1934DCC1008B99DF /* UIKit.framework in Frameworks */ = {isa = PBXBuildFile; fileRef = 7831811A1934DCC1008B99DF /* UIKit.framework */; };
		7831811D1934DCC1008B99DF /* GLKit.framework in Frameworks */ = {isa = PBXBuildFile; fileRef = 7831811C1934DCC1008B99DF /* GLKit.framework */; };
		7831811F1934DCC1008B99DF /* OpenGLES.framework in Frameworks */ = {isa = PBXBuildFile; fileRef = 7831811E1934DCC1008B99DF /* OpenGLES.framework */; };
		783181251934DCC1008B99DF /* InfoPlist.strings in Resources */ = {isa = PBXBuildFile; fileRef = 783181231934DCC1008B99DF /* InfoPlist.strings */; };
		783181271934DCC1008B99DF /* main.m in Sources */ = {isa = PBXBuildFile; fileRef = 783181261934DCC1008B99DF /* main.m */; };
		7831812B1934DCC1008B99DF /* _AppDelegate.m in Sources */ = {isa = PBXBuildFile; fileRef = 7831812A1934DCC1008B99DF /* _AppDelegate.m */; };
		7831812E1934DCC1008B99DF /* Main.storyboard in Resources */ = {isa = PBXBuildFile; fileRef = 7831812C1934DCC1008B99DF /* Main.storyboard */; };
		783181301934DCC1008B99DF /* Shader.fsh in Resources */ = {isa = PBXBuildFile; fileRef = 7831812F1934DCC1008B99DF /* Shader.fsh */; };
		783181321934DCC1008B99DF /* Shader.vsh in Resources */ = {isa = PBXBuildFile; fileRef = 783181311934DCC1008B99DF /* Shader.vsh */; };
		783181351934DCC1008B99DF /* _ViewController.m in Sources */ = {isa = PBXBuildFile; fileRef = 783181341934DCC1008B99DF /* _ViewController.m */; };
		783181371934DCC1008B99DF /* Images.xcassets in Resources */ = {isa = PBXBuildFile; fileRef = 783181361934DCC1008B99DF /* Images.xcassets */; };
		7831813E1934DCC1008B99DF /* XCTest.framework in Frameworks */ = {isa = PBXBuildFile; fileRef = 7831813D1934DCC1008B99DF /* XCTest.framework */; };
		7831813F1934DCC1008B99DF /* Foundation.framework in Frameworks */ = {isa = PBXBuildFile; fileRef = 783181161934DCC1008B99DF /* Foundation.framework */; };
		783181401934DCC1008B99DF /* UIKit.framework in Frameworks */ = {isa = PBXBuildFile; fileRef = 7831811A1934DCC1008B99DF /* UIKit.framework */; };
		783181481934DCC1008B99DF /* InfoPlist.strings in Resources */ = {isa = PBXBuildFile; fileRef = 783181461934DCC1008B99DF /* InfoPlist.strings */; };
		7831814A1934DCC1008B99DF /* gameTests.m in Sources */ = {isa = PBXBuildFile; fileRef = 783181491934DCC1008B99DF /* gameTests.m */; };
/* End PBXBuildFile section */

/* Begin PBXContainerItemProxy section */
		783181411934DCC1008B99DF /* PBXContainerItemProxy */ = {
			isa = PBXContainerItemProxy;
			containerPortal = 7831810B1934DCC1008B99DF /* Project object */;
			proxyType = 1;
			remoteGlobalIDString = 783181121934DCC1008B99DF;
			remoteInfo = game;
		};
/* End PBXContainerItemProxy section */

/* Begin PBXFileReference section */
		783181131934DCC1008B99DF /* game.app */ = {isa = PBXFileReference; explicitFileType = wrapper.application; includeInIndex = 0; path = game.app; sourceTree = BUILT_PRODUCTS_DIR; };
		783181161934DCC1008B99DF /* Foundation.framework */ = {isa = PBXFileReference; lastKnownFileType = wrapper.framework; name = Foundation.framework; path = System/Library/Frameworks/Foundation.framework; sourceTree = SDKROOT; };
		783181181934DCC1008B99DF /* CoreGraphics.framework */ = {isa = PBXFileReference; lastKnownFileType = wrapper.framework; name = CoreGraphics.framework; path = System/Library/Frameworks/CoreGraphics.framework; sourceTree = SDKROOT; };
		7831811A1934DCC1008B99DF /* UIKit.framework */ = {isa = PBXFileReference; lastKnownFileType = wrapper.framework; name = UIKit.framework; path = System/Library/Frameworks/UIKit.framework; sourceTree = SDKROOT; };
		7831811C1934DCC1008B99DF /* GLKit.framework */ = {isa = PBXFileReference; lastKnownFileType = wrapper.framework; name = GLKit.framework; path = System/Library/Frameworks/GLKit.framework; sourceTree = SDKROOT; };
		7831811E1934DCC1008B99DF /* OpenGLES.framework */ = {isa = PBXFileReference; lastKnownFileType = wrapper.framework; name = OpenGLES.framework; path = System/Library/Frameworks/OpenGLES.framework; sourceTree = SDKROOT; };
		783181221934DCC1008B99DF /* game-Info.plist */ = {isa = PBXFileReference; lastKnownFileType = text.plist.xml; path = "game-Info.plist"; sourceTree = "<group>"; };
		783181241934DCC1008B99DF /* en */ = {isa = PBXFileReference; lastKnownFileType = text.plist.strings; name = en; path = en.lproj/InfoPlist.strings; sourceTree = "<group>"; };
		783181261934DCC1008B99DF /* main.m */ = {isa = PBXFileReference; lastKnownFileType = sourcecode.c.objc; path = main.m; sourceTree = "<group>"; };
		783181281934DCC1008B99DF /* game-Prefix.pch */ = {isa = PBXFileReference; lastKnownFileType = sourcecode.c.h; path = "game-Prefix.pch"; sourceTree = "<group>"; };
		783181291934DCC1008B99DF /* _AppDelegate.h */ = {isa = PBXFileReference; lastKnownFileType = sourcecode.c.h; path = _AppDelegate.h; sourceTree = "<group>"; };
		7831812A1934DCC1008B99DF /* _AppDelegate.m */ = {isa = PBXFileReference; lastKnownFileType = sourcecode.c.objc; path = _AppDelegate.m; sourceTree = "<group>"; };
		7831812D1934DCC1008B99DF /* Base */ = {isa = PBXFileReference; lastKnownFileType = file.storyboard; name = Base; path = Base.lproj/Main.storyboard; sourceTree = "<group>"; };
		7831812F1934DCC1008B99DF /* Shader.fsh */ = {isa = PBXFileReference; lastKnownFileType = sourcecode.glsl; name = Shader.fsh; path = Shaders/Shader.fsh; sourceTree = "<group>"; };
		783181311934DCC1008B99DF /* Shader.vsh */ = {isa = PBXFileReference; lastKnownFileType = sourcecode.glsl; name = Shader.vsh; path = Shaders/Shader.vsh; sourceTree = "<group>"; };
		783181331934DCC1008B99DF /* _ViewController.h */ = {isa = PBXFileReference; lastKnownFileType = sourcecode.c.h; path = _ViewController.h; sourceTree = "<group>"; };
		783181341934DCC1008B99DF /* _ViewController.m */ = {isa = PBXFileReference; lastKnownFileType = sourcecode.c.objc; path = _ViewController.m; sourceTree = "<group>"; };
		783181361934DCC1008B99DF /* Images.xcassets */ = {isa = PBXFileReference; lastKnownFileType = folder.assetcatalog; path = Images.xcassets; sourceTree = "<group>"; };
		7831813C1934DCC1008B99DF /* gameTests.xctest */ = {isa = PBXFileReference; explicitFileType = wrapper.cfbundle; includeInIndex = 0; path = gameTests.xctest; sourceTree = BUILT_PRODUCTS_DIR; };
		7831813D1934DCC1008B99DF /* XCTest.framework */ = {isa = PBXFileReference; lastKnownFileType = wrapper.framework; name = XCTest.framework; path = Library/Frameworks/XCTest.framework; sourceTree = DEVELOPER_DIR; };
		783181451934DCC1008B99DF /* gameTests-Info.plist */ = {isa = PBXFileReference; lastKnownFileType = text.plist.xml; path = "gameTests-Info.plist"; sourceTree = "<group>"; };
		783181471934DCC1008B99DF /* en */ = {isa = PBXFileReference; lastKnownFileType = text.plist.strings; name = en; path = en.lproj/InfoPlist.strings; sourceTree = "<group>"; };
		783181491934DCC1008B99DF /* gameTests.m */ = {isa = PBXFileReference; lastKnownFileType = sourcecode.c.objc; path = gameTests.m; sourceTree = "<group>"; };
/* End PBXFileReference section */

/* Begin PBXFrameworksBuildPhase section */
		783181101934DCC1008B99DF /* Frameworks */ = {
			isa = PBXFrameworksBuildPhase;
			buildActionMask = 2147483647;
			files = (
				7831811F1934DCC1008B99DF /* OpenGLES.framework in Frameworks */,
				783181191934DCC1008B99DF /* CoreGraphics.framework in Frameworks */,
				7831811B1934DCC1008B99DF /* UIKit.framework in Frameworks */,
				7831811D1934DCC1008B99DF /* GLKit.framework in Frameworks */,
				783181171934DCC1008B99DF /* Foundation.framework in Frameworks */,
			);
			runOnlyForDeploymentPostprocessing = 0;
		};
		783181391934DCC1008B99DF /* Frameworks */ = {
			isa = PBXFrameworksBuildPhase;
			buildActionMask = 2147483647;
			files = (
				7831813E1934DCC1008B99DF /* XCTest.framework in Frameworks */,
				783181401934DCC1008B99DF /* UIKit.framework in Frameworks */,
				7831813F1934DCC1008B99DF /* Foundation.framework in Frameworks */,
			);
			runOnlyForDeploymentPostprocessing = 0;
		};
/* End PBXFrameworksBuildPhase section */

/* Begin PBXGroup section */
		7831810A1934DCC1008B99DF = {
			isa = PBXGroup;
			children = (
				783181201934DCC1008B99DF /* game */,
				783181431934DCC1008B99DF /* gameTests */,
				783181151934DCC1008B99DF /* Frameworks */,
				783181141934DCC1008B99DF /* Products */,
			);
			sourceTree = "<group>";
		};
		783181141934DCC1008B99DF /* Products */ = {
			isa = PBXGroup;
			children = (
				783181131934DCC1008B99DF /* game.app */,
				7831813C1934DCC1008B99DF /* gameTests.xctest */,
			);
			name = Products;
			sourceTree = "<group>";
		};
		783181151934DCC1008B99DF /* Frameworks */ = {
			isa = PBXGroup;
			children = (
				783181161934DCC1008B99DF /* Foundation.framework */,
				783181181934DCC1008B99DF /* CoreGraphics.framework */,
				7831811A1934DCC1008B99DF /* UIKit.framework */,
				7831811C1934DCC1008B99DF /* GLKit.framework */,
				7831811E1934DCC1008B99DF /* OpenGLES.framework */,
				7831813D1934DCC1008B99DF /* XCTest.framework */,
			);
			name = Frameworks;
			sourceTree = "<group>";
		};
		783181201934DCC1008B99DF /* game */ = {
			isa = PBXGroup;
			children = (
				783181291934DCC1008B99DF /* _AppDelegate.h */,
				7831812A1934DCC1008B99DF /* _AppDelegate.m */,
				7831812C1934DCC1008B99DF /* Main.storyboard */,
				7831812F1934DCC1008B99DF /* Shader.fsh */,
				783181311934DCC1008B99DF /* Shader.vsh */,
				783181331934DCC1008B99DF /* _ViewController.h */,
				783181341934DCC1008B99DF /* _ViewController.m */,
				783181361934DCC1008B99DF /* Images.xcassets */,
				783181211934DCC1008B99DF /* Supporting Files */,
			);
			path = game;
			sourceTree = "<group>";
		};
		783181211934DCC1008B99DF /* Supporting Files */ = {
			isa = PBXGroup;
			children = (
				783181221934DCC1008B99DF /* game-Info.plist */,
				783181231934DCC1008B99DF /* InfoPlist.strings */,
				783181261934DCC1008B99DF /* main.m */,
				783181281934DCC1008B99DF /* game-Prefix.pch */,
			);
			name = "Supporting Files";
			sourceTree = "<group>";
		};
		783181431934DCC1008B99DF /* gameTests */ = {
			isa = PBXGroup;
			children = (
				783181491934DCC1008B99DF /* gameTests.m */,
				783181441934DCC1008B99DF /* Supporting Files */,
			);
			path = gameTests;
			sourceTree = "<group>";
		};
		783181441934DCC1008B99DF /* Supporting Files */ = {
			isa = PBXGroup;
			children = (
				783181451934DCC1008B99DF /* gameTests-Info.plist */,
				783181461934DCC1008B99DF /* InfoPlist.strings */,
			);
			name = "Supporting Files";
			sourceTree = "<group>";
		};
/* End PBXGroup section */

/* Begin PBXNativeTarget section */
		783181121934DCC1008B99DF /* game */ = {
			isa = PBXNativeTarget;
			buildConfigurationList = 7831814D1934DCC1008B99DF /* Build configuration list for PBXNativeTarget "game" */;
			buildPhases = (
				7831810F1934DCC1008B99DF /* Sources */,
				783181101934DCC1008B99DF /* Frameworks */,
				783181111934DCC1008B99DF /* Resources */,
			);
			buildRules = (
			);
			dependencies = (
			);
			name = game;
			productName = game;
			productReference = 783181131934DCC1008B99DF /* game.app */;
			productType = "com.apple.product-type.application";
		};
		7831813B1934DCC1008B99DF /* gameTests */ = {
			isa = PBXNativeTarget;
			buildConfigurationList = 783181501934DCC1008B99DF /* Build configuration list for PBXNativeTarget "gameTests" */;
			buildPhases = (
				783181381934DCC1008B99DF /* Sources */,
				783181391934DCC1008B99DF /* Frameworks */,
				7831813A1934DCC1008B99DF /* Resources */,
			);
			buildRules = (
			);
			dependencies = (
				783181421934DCC1008B99DF /* PBXTargetDependency */,
			);
			name = gameTests;
			productName = gameTests;
			productReference = 7831813C1934DCC1008B99DF /* gameTests.xctest */;
			productType = "com.apple.product-type.bundle.unit-test";
		};
/* End PBXNativeTarget section */

/* Begin PBXProject section */
		7831810B1934DCC1008B99DF /* Project object */ = {
			isa = PBXProject;
			attributes = {
				CLASSPREFIX = 1;
				LastUpgradeCheck = 0510;
				ORGANIZATIONNAME = Chobits;
				TargetAttributes = {
					7831813B1934DCC1008B99DF = {
						TestTargetID = 783181121934DCC1008B99DF;
					};
				};
			};
			buildConfigurationList = 7831810E1934DCC1008B99DF /* Build configuration list for PBXProject "game" */;
			compatibilityVersion = "Xcode 3.2";
			developmentRegion = English;
			hasScannedForEncodings = 0;
			knownRegions = (
				en,
				Base,
			);
			mainGroup = 7831810A1934DCC1008B99DF;
			productRefGroup = 783181141934DCC1008B99DF /* Products */;
			projectDirPath = "";
			projectRoot = "";
			targets = (
				783181121934DCC1008B99DF /* game */,
				7831813B1934DCC1008B99DF /* gameTests */,
			);
		};
/* End PBXProject section */

/* Begin PBXResourcesBuildPhase section */
		783181111934DCC1008B99DF /* Resources */ = {
			isa = PBXResourcesBuildPhase;
			buildActionMask = 2147483647;
			files = (
				783181321934DCC1008B99DF /* Shader.vsh in Resources */,
				783181371934DCC1008B99DF /* Images.xcassets in Resources */,
				783181301934DCC1008B99DF /* Shader.fsh in Resources */,
				783181251934DCC1008B99DF /* InfoPlist.strings in Resources */,
				7831812E1934DCC1008B99DF /* Main.storyboard in Resources */,
			);
			runOnlyForDeploymentPostprocessing = 0;
		};
		7831813A1934DCC1008B99DF /* Resources */ = {
			isa = PBXResourcesBuildPhase;
			buildActionMask = 2147483647;
			files = (
				783181481934DCC1008B99DF /* InfoPlist.strings in Resources */,
			);
			runOnlyForDeploymentPostprocessing = 0;
		};
/* End PBXResourcesBuildPhase section */

/* Begin PBXSourcesBuildPhase section */
		7831810F1934DCC1008B99DF /* Sources */ = {
			isa = PBXSourcesBuildPhase;
			buildActionMask = 2147483647;
			files = (
				7831812B1934DCC1008B99DF /* _AppDelegate.m in Sources */,
				783181271934DCC1008B99DF /* main.m in Sources */,
				783181351934DCC1008B99DF /* _ViewController.m in Sources */,
			);
			runOnlyForDeploymentPostprocessing = 0;
		};
		783181381934DCC1008B99DF /* Sources */ = {
			isa = PBXSourcesBuildPhase;
			buildActionMask = 2147483647;
			files = (
				7831814A1934DCC1008B99DF /* gameTests.m in Sources */,
			);
			runOnlyForDeploymentPostprocessing = 0;
		};
/* End PBXSourcesBuildPhase section */

/* Begin PBXTargetDependency section */
		783181421934DCC1008B99DF /* PBXTargetDependency */ = {
			isa = PBXTargetDependency;
			target = 783181121934DCC1008B99DF /* game */;
			targetProxy = 783181411934DCC1008B99DF /* PBXContainerItemProxy */;
		};
/* End PBXTargetDependency section */

/* Begin PBXVariantGroup section */
		783181231934DCC1008B99DF /* InfoPlist.strings */ = {
			isa = PBXVariantGroup;
			children = (
				783181241934DCC1008B99DF /* en */,
			);
			name = InfoPlist.strings;
			sourceTree = "<group>";
		};
		7831812C1934DCC1008B99DF /* Main.storyboard */ = {
			isa = PBXVariantGroup;
			children = (
				7831812D1934DCC1008B99DF /* Base */,
			);
			name = Main.storyboard;
			sourceTree = "<group>";
		};
		783181461934DCC1008B99DF /* InfoPlist.strings */ = {
			isa = PBXVariantGroup;
			children = (
				783181471934DCC1008B99DF /* en */,
			);
			name = InfoPlist.strings;
			sourceTree = "<group>";
		};
/* End PBXVariantGroup section */

/* Begin XCBuildConfiguration section */
		7831814B1934DCC1008B99DF /* Debug */ = {
			isa = XCBuildConfiguration;
			buildSettings = {
				ALWAYS_SEARCH_USER_PATHS = NO;
				CLANG_CXX_LANGUAGE_STANDARD = "gnu++0x";
				CLANG_CXX_LIBRARY = "libc++";
				CLANG_ENABLE_MODULES = YES;
				CLANG_ENABLE_OBJC_ARC = YES;
				CLANG_WARN_BOOL_CONVERSION = YES;
				CLANG_WARN_CONSTANT_CONVERSION = YES;
				CLANG_WARN_DIRECT_OBJC_ISA_USAGE = YES_ERROR;
				CLANG_WARN_EMPTY_BODY = YES;
				CLANG_WARN_ENUM_CONVERSION = YES;
				CLANG_WARN_INT_CONVERSION = YES;
				CLANG_WARN_OBJC_ROOT_CLASS = YES_ERROR;
				CLANG_WARN__DUPLICATE_METHOD_MATCH = YES;
				"CODE_SIGN_IDENTITY[sdk=iphoneos*]" = "iPhone Developer";
				COPY_PHASE_STRIP = NO;
				GCC_C_LANGUAGE_STANDARD = gnu99;
				GCC_DYNAMIC_NO_PIC = NO;
				GCC_OPTIMIZATION_LEVEL = 0;
				GCC_PREPROCESSOR_DEFINITIONS = (
					"DEBUG=1",
					"$(inherited)",
				);
				GCC_SYMBOLS_PRIVATE_EXTERN = NO;
				GCC_WARN_64_TO_32_BIT_CONVERSION = YES;
				GCC_WARN_ABOUT_RETURN_TYPE = YES_ERROR;
				GCC_WARN_UNDECLARED_SELECTOR = YES;
				GCC_WARN_UNINITIALIZED_AUTOS = YES_AGGRESSIVE;
				GCC_WARN_UNUSED_FUNCTION = YES;
				GCC_WARN_UNUSED_VARIABLE = YES;
				IPHONEOS_DEPLOYMENT_TARGET = 7.1;
				ONLY_ACTIVE_ARCH = YES;
				SDKROOT = iphoneos;
			};
			name = Debug;
		};
		7831814C1934DCC1008B99DF /* Release */ = {
			isa = XCBuildConfiguration;
			buildSettings = {
				ALWAYS_SEARCH_USER_PATHS = NO;
				CLANG_CXX_LANGUAGE_STANDARD = "gnu++0x";
				CLANG_CXX_LIBRARY = "libc++";
				CLANG_ENABLE_MODULES = YES;
				CLANG_ENABLE_OBJC_ARC = YES;
				CLANG_WARN_BOOL_CONVERSION = YES;
				CLANG_WARN_CONSTANT_CONVERSION = YES;
				CLANG_WARN_DIRECT_OBJC_ISA_USAGE = YES_ERROR;
				CLANG_WARN_EMPTY_BODY = YES;
				CLANG_WARN_ENUM_CONVERSION = YES;
				CLANG_WARN_INT_CONVERSION = YES;
				CLANG_WARN_OBJC_ROOT_CLASS = YES_ERROR;
				CLANG_WARN__DUPLICATE_METHOD_MATCH = YES;
				"CODE_SIGN_IDENTITY[sdk=iphoneos*]" = "iPhone Developer";
				COPY_PHASE_STRIP = YES;
				ENABLE_NS_ASSERTIONS = NO;
				GCC_C_LANGUAGE_STANDARD = gnu99;
				GCC_WARN_64_TO_32_BIT_CONVERSION = YES;
				GCC_WARN_ABOUT_RETURN_TYPE = YES_ERROR;
				GCC_WARN_UNDECLARED_SELECTOR = YES;
				GCC_WARN_UNINITIALIZED_AUTOS = YES_AGGRESSIVE;
				GCC_WARN_UNUSED_FUNCTION = YES;
				GCC_WARN_UNUSED_VARIABLE = YES;
				IPHONEOS_DEPLOYMENT_TARGET = 7.1;
				SDKROOT = iphoneos;
				VALIDATE_PRODUCT = YES;
			};
			name = Release;
		};
		7831814E1934DCC1008B99DF /* Debug */ = {
			isa = XCBuildConfiguration;
			buildSettings = {
				ASSETCATALOG_COMPILER_APPICON_NAME = AppIcon;
				ASSETCATALOG_COMPILER_LAUNCHIMAGE_NAME = LaunchImage;
				GCC_PRECOMPILE_PREFIX_HEADER = YES;
				GCC_PREFIX_HEADER = "game/game-Prefix.pch";
				INFOPLIST_FILE = "game/game-Info.plist";
				IPHONEOS_DEPLOYMENT_TARGET = 6.1;
				PRODUCT_NAME = "$(TARGET_NAME)";
				WRAPPER_EXTENSION = app;
			};
			name = Debug;
		};
		7831814F1934DCC1008B99DF /* Release */ = {
			isa = XCBuildConfiguration;
			buildSettings = {
				ASSETCATALOG_COMPILER_APPICON_NAME = AppIcon;
				ASSETCATALOG_COMPILER_LAUNCHIMAGE_NAME = LaunchImage;
				GCC_PRECOMPILE_PREFIX_HEADER = YES;
				GCC_PREFIX_HEADER = "game/game-Prefix.pch";
				INFOPLIST_FILE = "game/game-Info.plist";
				IPHONEOS_DEPLOYMENT_TARGET = 6.1;
				PRODUCT_NAME = "$(TARGET_NAME)";
				WRAPPER_EXTENSION = app;
			};
			name = Release;
		};
		783181511934DCC1008B99DF /* Debug */ = {
			isa = XCBuildConfiguration;
			buildSettings = {
				BUNDLE_LOADER = "$(BUILT_PRODUCTS_DIR)/game.app/game";
				FRAMEWORK_SEARCH_PATHS = (
					"$(SDKROOT)/Developer/Library/Frameworks",
					"$(inherited)",
					"$(DEVELOPER_FRAMEWORKS_DIR)",
				);
				GCC_PRECOMPILE_PREFIX_HEADER = YES;
				GCC_PREFIX_HEADER = "game/game-Prefix.pch";
				GCC_PREPROCESSOR_DEFINITIONS = (
					"DEBUG=1",
					"$(inherited)",
				);
				INFOPLIST_FILE = "gameTests/gameTests-Info.plist";
				PRODUCT_NAME = "$(TARGET_NAME)";
				TEST_HOST = "$(BUNDLE_LOADER)";
				WRAPPER_EXTENSION = xctest;
			};
			name = Debug;
		};
		783181521934DCC1008B99DF /* Release */ = {
			isa = XCBuildConfiguration;
			buildSettings = {
				BUNDLE_LOADER = "$(BUILT_PRODUCTS_DIR)/game.app/game";
				FRAMEWORK_SEARCH_PATHS = (
					"$(SDKROOT)/Developer/Library/Frameworks",
					"$(inherited)",
					"$(DEVELOPER_FRAMEWORKS_DIR)",
				);
				GCC_PRECOMPILE_PREFIX_HEADER = YES;
				GCC_PREFIX_HEADER = "game/game-Prefix.pch";
				INFOPLIST_FILE = "gameTests/gameTests-Info.plist";
				PRODUCT_NAME = "$(TARGET_NAME)";
				TEST_HOST = "$(BUNDLE_LOADER)";
				WRAPPER_EXTENSION = xctest;
			};
			name = Release;
		};
/* End XCBuildConfiguration section */

/* Begin XCConfigurationList section */
		7831810E1934DCC1008B99DF /* Build configuration list for PBXProject "game" */ = {
			isa = XCConfigurationList;
			buildConfigurations = (
				7831814B1934DCC1008B99DF /* Debug */,
				7831814C1934DCC1008B99DF /* Release */,
			);
			defaultConfigurationIsVisible = 0;
			defaultConfigurationName = Release;
		};
		7831814D1934DCC1008B99DF /* Build configuration list for PBXNativeTarget "game" */ = {
			isa = XCConfigurationList;
			buildConfigurations = (
				7831814E1934DCC1008B99DF /* Debug */,
				7831814F1934DCC1008B99DF /* Release */,
			);
			defaultConfigurationIsVisible = 0;
		};
		783181501934DCC1008B99DF /* Build configuration list for PBXNativeTarget "gameTests" */ = {
			isa = XCConfigurationList;
			buildConfigurations = (
				783181511934DCC1008B99DF /* Debug */,
				783181521934DCC1008B99DF /* Release */,
			);
			defaultConfigurationIsVisible = 0;
		};
/* End XCConfigurationList section */
	};
	rootObject = 7831810B1934DCC1008B99DF /* Project object */;
}
