// !$*UTF8*$!
{
	archiveVersion = 1;
	classes = {
	};
	objectVersion = 46;
	objects = {

/* Begin PBXBuildFile section */
		782739C71936179B002F939D /* Foundation.framework in Frameworks */ = {isa = PBXBuildFile; fileRef = 782739C61936179B002F939D /* Foundation.framework */; };
		782739C91936179B002F939D /* CoreGraphics.framework in Frameworks */ = {isa = PBXBuildFile; fileRef = 782739C81936179B002F939D /* CoreGraphics.framework */; };
		782739CB1936179B002F939D /* UIKit.framework in Frameworks */ = {isa = PBXBuildFile; fileRef = 782739CA1936179B002F939D /* UIKit.framework */; };
		782739D11936179B002F939D /* InfoPlist.strings in Resources */ = {isa = PBXBuildFile; fileRef = 782739CF1936179B002F939D /* InfoPlist.strings */; };
		782739D31936179B002F939D /* main.m in Sources */ = {isa = PBXBuildFile; fileRef = 782739D21936179B002F939D /* main.m */; };
		782739D71936179B002F939D /* _AppDelegate.m in Sources */ = {isa = PBXBuildFile; fileRef = 782739D61936179B002F939D /* _AppDelegate.m */; };
		782739D91936179B002F939D /* Images.xcassets in Resources */ = {isa = PBXBuildFile; fileRef = 782739D81936179B002F939D /* Images.xcassets */; };
		782739E01936179B002F939D /* XCTest.framework in Frameworks */ = {isa = PBXBuildFile; fileRef = 782739DF1936179B002F939D /* XCTest.framework */; };
		782739E11936179B002F939D /* Foundation.framework in Frameworks */ = {isa = PBXBuildFile; fileRef = 782739C61936179B002F939D /* Foundation.framework */; };
		782739E21936179B002F939D /* UIKit.framework in Frameworks */ = {isa = PBXBuildFile; fileRef = 782739CA1936179B002F939D /* UIKit.framework */; };
		782739EA1936179B002F939D /* InfoPlist.strings in Resources */ = {isa = PBXBuildFile; fileRef = 782739E81936179B002F939D /* InfoPlist.strings */; };
		782739EC1936179B002F939D /* AlertOrSheetTests.m in Sources */ = {isa = PBXBuildFile; fileRef = 782739EB1936179B002F939D /* AlertOrSheetTests.m */; };
		782739F719361FB3002F939D /* AlertView.m in Sources */ = {isa = PBXBuildFile; fileRef = 782739F619361FB3002F939D /* AlertView.m */; };
/* End PBXBuildFile section */

/* Begin PBXContainerItemProxy section */
		782739E31936179B002F939D /* PBXContainerItemProxy */ = {
			isa = PBXContainerItemProxy;
			containerPortal = 782739BB1936179B002F939D /* Project object */;
			proxyType = 1;
			remoteGlobalIDString = 782739C21936179B002F939D;
			remoteInfo = AlertOrSheet;
		};
/* End PBXContainerItemProxy section */

/* Begin PBXFileReference section */
		782739C31936179B002F939D /* AlertOrSheet.app */ = {isa = PBXFileReference; explicitFileType = wrapper.application; includeInIndex = 0; path = AlertOrSheet.app; sourceTree = BUILT_PRODUCTS_DIR; };
		782739C61936179B002F939D /* Foundation.framework */ = {isa = PBXFileReference; lastKnownFileType = wrapper.framework; name = Foundation.framework; path = System/Library/Frameworks/Foundation.framework; sourceTree = SDKROOT; };
		782739C81936179B002F939D /* CoreGraphics.framework */ = {isa = PBXFileReference; lastKnownFileType = wrapper.framework; name = CoreGraphics.framework; path = System/Library/Frameworks/CoreGraphics.framework; sourceTree = SDKROOT; };
		782739CA1936179B002F939D /* UIKit.framework */ = {isa = PBXFileReference; lastKnownFileType = wrapper.framework; name = UIKit.framework; path = System/Library/Frameworks/UIKit.framework; sourceTree = SDKROOT; };
		782739CE1936179B002F939D /* AlertOrSheet-Info.plist */ = {isa = PBXFileReference; lastKnownFileType = text.plist.xml; path = "AlertOrSheet-Info.plist"; sourceTree = "<group>"; };
		782739D01936179B002F939D /* en */ = {isa = PBXFileReference; lastKnownFileType = text.plist.strings; name = en; path = en.lproj/InfoPlist.strings; sourceTree = "<group>"; };
		782739D21936179B002F939D /* main.m */ = {isa = PBXFileReference; lastKnownFileType = sourcecode.c.objc; path = main.m; sourceTree = "<group>"; };
		782739D41936179B002F939D /* AlertOrSheet-Prefix.pch */ = {isa = PBXFileReference; lastKnownFileType = sourcecode.c.h; path = "AlertOrSheet-Prefix.pch"; sourceTree = "<group>"; };
		782739D51936179B002F939D /* _AppDelegate.h */ = {isa = PBXFileReference; lastKnownFileType = sourcecode.c.h; path = _AppDelegate.h; sourceTree = "<group>"; };
		782739D61936179B002F939D /* _AppDelegate.m */ = {isa = PBXFileReference; lastKnownFileType = sourcecode.c.objc; path = _AppDelegate.m; sourceTree = "<group>"; };
		782739D81936179B002F939D /* Images.xcassets */ = {isa = PBXFileReference; lastKnownFileType = folder.assetcatalog; path = Images.xcassets; sourceTree = "<group>"; };
		782739DE1936179B002F939D /* AlertOrSheetTests.xctest */ = {isa = PBXFileReference; explicitFileType = wrapper.cfbundle; includeInIndex = 0; path = AlertOrSheetTests.xctest; sourceTree = BUILT_PRODUCTS_DIR; };
		782739DF1936179B002F939D /* XCTest.framework */ = {isa = PBXFileReference; lastKnownFileType = wrapper.framework; name = XCTest.framework; path = Library/Frameworks/XCTest.framework; sourceTree = DEVELOPER_DIR; };
		782739E71936179B002F939D /* AlertOrSheetTests-Info.plist */ = {isa = PBXFileReference; lastKnownFileType = text.plist.xml; path = "AlertOrSheetTests-Info.plist"; sourceTree = "<group>"; };
		782739E91936179B002F939D /* en */ = {isa = PBXFileReference; lastKnownFileType = text.plist.strings; name = en; path = en.lproj/InfoPlist.strings; sourceTree = "<group>"; };
		782739EB1936179B002F939D /* AlertOrSheetTests.m */ = {isa = PBXFileReference; lastKnownFileType = sourcecode.c.objc; path = AlertOrSheetTests.m; sourceTree = "<group>"; };
		782739F519361FB3002F939D /* AlertView.h */ = {isa = PBXFileReference; fileEncoding = 4; lastKnownFileType = sourcecode.c.h; path = AlertView.h; sourceTree = "<group>"; };
		782739F619361FB3002F939D /* AlertView.m */ = {isa = PBXFileReference; fileEncoding = 4; lastKnownFileType = sourcecode.c.objc; path = AlertView.m; sourceTree = "<group>"; };
/* End PBXFileReference section */

/* Begin PBXFrameworksBuildPhase section */
		782739C01936179B002F939D /* Frameworks */ = {
			isa = PBXFrameworksBuildPhase;
			buildActionMask = 2147483647;
			files = (
				782739C91936179B002F939D /* CoreGraphics.framework in Frameworks */,
				782739CB1936179B002F939D /* UIKit.framework in Frameworks */,
				782739C71936179B002F939D /* Foundation.framework in Frameworks */,
			);
			runOnlyForDeploymentPostprocessing = 0;
		};
		782739DB1936179B002F939D /* Frameworks */ = {
			isa = PBXFrameworksBuildPhase;
			buildActionMask = 2147483647;
			files = (
				782739E01936179B002F939D /* XCTest.framework in Frameworks */,
				782739E21936179B002F939D /* UIKit.framework in Frameworks */,
				782739E11936179B002F939D /* Foundation.framework in Frameworks */,
			);
			runOnlyForDeploymentPostprocessing = 0;
		};
/* End PBXFrameworksBuildPhase section */

/* Begin PBXGroup section */
		782739BA1936179B002F939D = {
			isa = PBXGroup;
			children = (
				782739CC1936179B002F939D /* AlertOrSheet */,
				782739E51936179B002F939D /* AlertOrSheetTests */,
				782739C51936179B002F939D /* Frameworks */,
				782739C41936179B002F939D /* Products */,
			);
			sourceTree = "<group>";
		};
		782739C41936179B002F939D /* Products */ = {
			isa = PBXGroup;
			children = (
				782739C31936179B002F939D /* AlertOrSheet.app */,
				782739DE1936179B002F939D /* AlertOrSheetTests.xctest */,
			);
			name = Products;
			sourceTree = "<group>";
		};
		782739C51936179B002F939D /* Frameworks */ = {
			isa = PBXGroup;
			children = (
				782739C61936179B002F939D /* Foundation.framework */,
				782739C81936179B002F939D /* CoreGraphics.framework */,
				782739CA1936179B002F939D /* UIKit.framework */,
				782739DF1936179B002F939D /* XCTest.framework */,
			);
			name = Frameworks;
			sourceTree = "<group>";
		};
		782739CC1936179B002F939D /* AlertOrSheet */ = {
			isa = PBXGroup;
			children = (
				782739D51936179B002F939D /* _AppDelegate.h */,
				782739D61936179B002F939D /* _AppDelegate.m */,
				782739F519361FB3002F939D /* AlertView.h */,
				782739F619361FB3002F939D /* AlertView.m */,
				782739D81936179B002F939D /* Images.xcassets */,
				782739CD1936179B002F939D /* Supporting Files */,
			);
			path = AlertOrSheet;
			sourceTree = "<group>";
		};
		782739CD1936179B002F939D /* Supporting Files */ = {
			isa = PBXGroup;
			children = (
				782739CE1936179B002F939D /* AlertOrSheet-Info.plist */,
				782739CF1936179B002F939D /* InfoPlist.strings */,
				782739D21936179B002F939D /* main.m */,
				782739D41936179B002F939D /* AlertOrSheet-Prefix.pch */,
			);
			name = "Supporting Files";
			sourceTree = "<group>";
		};
		782739E51936179B002F939D /* AlertOrSheetTests */ = {
			isa = PBXGroup;
			children = (
				782739EB1936179B002F939D /* AlertOrSheetTests.m */,
				782739E61936179B002F939D /* Supporting Files */,
			);
			path = AlertOrSheetTests;
			sourceTree = "<group>";
		};
		782739E61936179B002F939D /* Supporting Files */ = {
			isa = PBXGroup;
			children = (
				782739E71936179B002F939D /* AlertOrSheetTests-Info.plist */,
				782739E81936179B002F939D /* InfoPlist.strings */,
			);
			name = "Supporting Files";
			sourceTree = "<group>";
		};
/* End PBXGroup section */

/* Begin PBXNativeTarget section */
		782739C21936179B002F939D /* AlertOrSheet */ = {
			isa = PBXNativeTarget;
			buildConfigurationList = 782739EF1936179B002F939D /* Build configuration list for PBXNativeTarget "AlertOrSheet" */;
			buildPhases = (
				782739BF1936179B002F939D /* Sources */,
				782739C01936179B002F939D /* Frameworks */,
				782739C11936179B002F939D /* Resources */,
			);
			buildRules = (
			);
			dependencies = (
			);
			name = AlertOrSheet;
			productName = AlertOrSheet;
			productReference = 782739C31936179B002F939D /* AlertOrSheet.app */;
			productType = "com.apple.product-type.application";
		};
		782739DD1936179B002F939D /* AlertOrSheetTests */ = {
			isa = PBXNativeTarget;
			buildConfigurationList = 782739F21936179B002F939D /* Build configuration list for PBXNativeTarget "AlertOrSheetTests" */;
			buildPhases = (
				782739DA1936179B002F939D /* Sources */,
				782739DB1936179B002F939D /* Frameworks */,
				782739DC1936179B002F939D /* Resources */,
			);
			buildRules = (
			);
			dependencies = (
				782739E41936179B002F939D /* PBXTargetDependency */,
			);
			name = AlertOrSheetTests;
			productName = AlertOrSheetTests;
			productReference = 782739DE1936179B002F939D /* AlertOrSheetTests.xctest */;
			productType = "com.apple.product-type.bundle.unit-test";
		};
/* End PBXNativeTarget section */

/* Begin PBXProject section */
		782739BB1936179B002F939D /* Project object */ = {
			isa = PBXProject;
			attributes = {
				CLASSPREFIX = 1;
				LastUpgradeCheck = 0510;
				ORGANIZATIONNAME = Chobits;
				TargetAttributes = {
					782739DD1936179B002F939D = {
						TestTargetID = 782739C21936179B002F939D;
					};
				};
			};
			buildConfigurationList = 782739BE1936179B002F939D /* Build configuration list for PBXProject "AlertOrSheet" */;
			compatibilityVersion = "Xcode 3.2";
			developmentRegion = English;
			hasScannedForEncodings = 0;
			knownRegions = (
				en,
			);
			mainGroup = 782739BA1936179B002F939D;
			productRefGroup = 782739C41936179B002F939D /* Products */;
			projectDirPath = "";
			projectRoot = "";
			targets = (
				782739C21936179B002F939D /* AlertOrSheet */,
				782739DD1936179B002F939D /* AlertOrSheetTests */,
			);
		};
/* End PBXProject section */

/* Begin PBXResourcesBuildPhase section */
		782739C11936179B002F939D /* Resources */ = {
			isa = PBXResourcesBuildPhase;
			buildActionMask = 2147483647;
			files = (
				782739D11936179B002F939D /* InfoPlist.strings in Resources */,
				782739D91936179B002F939D /* Images.xcassets in Resources */,
			);
			runOnlyForDeploymentPostprocessing = 0;
		};
		782739DC1936179B002F939D /* Resources */ = {
			isa = PBXResourcesBuildPhase;
			buildActionMask = 2147483647;
			files = (
				782739EA1936179B002F939D /* InfoPlist.strings in Resources */,
			);
			runOnlyForDeploymentPostprocessing = 0;
		};
/* End PBXResourcesBuildPhase section */

/* Begin PBXSourcesBuildPhase section */
		782739BF1936179B002F939D /* Sources */ = {
			isa = PBXSourcesBuildPhase;
			buildActionMask = 2147483647;
			files = (
				782739F719361FB3002F939D /* AlertView.m in Sources */,
				782739D71936179B002F939D /* _AppDelegate.m in Sources */,
				782739D31936179B002F939D /* main.m in Sources */,
			);
			runOnlyForDeploymentPostprocessing = 0;
		};
		782739DA1936179B002F939D /* Sources */ = {
			isa = PBXSourcesBuildPhase;
			buildActionMask = 2147483647;
			files = (
				782739EC1936179B002F939D /* AlertOrSheetTests.m in Sources */,
			);
			runOnlyForDeploymentPostprocessing = 0;
		};
/* End PBXSourcesBuildPhase section */

/* Begin PBXTargetDependency section */
		782739E41936179B002F939D /* PBXTargetDependency */ = {
			isa = PBXTargetDependency;
			target = 782739C21936179B002F939D /* AlertOrSheet */;
			targetProxy = 782739E31936179B002F939D /* PBXContainerItemProxy */;
		};
/* End PBXTargetDependency section */

/* Begin PBXVariantGroup section */
		782739CF1936179B002F939D /* InfoPlist.strings */ = {
			isa = PBXVariantGroup;
			children = (
				782739D01936179B002F939D /* en */,
			);
			name = InfoPlist.strings;
			sourceTree = "<group>";
		};
		782739E81936179B002F939D /* InfoPlist.strings */ = {
			isa = PBXVariantGroup;
			children = (
				782739E91936179B002F939D /* en */,
			);
			name = InfoPlist.strings;
			sourceTree = "<group>";
		};
/* End PBXVariantGroup section */

/* Begin XCBuildConfiguration section */
		782739ED1936179B002F939D /* Debug */ = {
			isa = XCBuildConfiguration;
			buildSettings = {
				ALWAYS_SEARCH_USER_PATHS = NO;
				CLANG_CXX_LANGUAGE_STANDARD = "gnu++0x";
				CLANG_CXX_LIBRARY = "libc++";
				CLANG_ENABLE_MODULES = YES;
				CLANG_ENABLE_OBJC_ARC = YES;
				CLANG_WARN_BOOL_CONVERSION = YES;
				CLANG_WARN_CONSTANT_CONVERSION = YES;
				CLANG_WARN_DIRECT_OBJC_ISA_USAGE = YES_ERROR;
				CLANG_WARN_EMPTY_BODY = YES;
				CLANG_WARN_ENUM_CONVERSION = YES;
				CLANG_WARN_INT_CONVERSION = YES;
				CLANG_WARN_OBJC_ROOT_CLASS = YES_ERROR;
				CLANG_WARN__DUPLICATE_METHOD_MATCH = YES;
				"CODE_SIGN_IDENTITY[sdk=iphoneos*]" = "iPhone Developer";
				COPY_PHASE_STRIP = NO;
				GCC_C_LANGUAGE_STANDARD = gnu99;
				GCC_DYNAMIC_NO_PIC = NO;
				GCC_OPTIMIZATION_LEVEL = 0;
				GCC_PREPROCESSOR_DEFINITIONS = (
					"DEBUG=1",
					"$(inherited)",
				);
				GCC_SYMBOLS_PRIVATE_EXTERN = NO;
				GCC_WARN_64_TO_32_BIT_CONVERSION = YES;
				GCC_WARN_ABOUT_RETURN_TYPE = YES_ERROR;
				GCC_WARN_UNDECLARED_SELECTOR = YES;
				GCC_WARN_UNINITIALIZED_AUTOS = YES_AGGRESSIVE;
				GCC_WARN_UNUSED_FUNCTION = YES;
				GCC_WARN_UNUSED_VARIABLE = YES;
				IPHONEOS_DEPLOYMENT_TARGET = 7.1;
				ONLY_ACTIVE_ARCH = YES;
				SDKROOT = iphoneos;
			};
			name = Debug;
		};
		782739EE1936179B002F939D /* Release */ = {
			isa = XCBuildConfiguration;
			buildSettings = {
				ALWAYS_SEARCH_USER_PATHS = NO;
				CLANG_CXX_LANGUAGE_STANDARD = "gnu++0x";
				CLANG_CXX_LIBRARY = "libc++";
				CLANG_ENABLE_MODULES = YES;
				CLANG_ENABLE_OBJC_ARC = YES;
				CLANG_WARN_BOOL_CONVERSION = YES;
				CLANG_WARN_CONSTANT_CONVERSION = YES;
				CLANG_WARN_DIRECT_OBJC_ISA_USAGE = YES_ERROR;
				CLANG_WARN_EMPTY_BODY = YES;
				CLANG_WARN_ENUM_CONVERSION = YES;
				CLANG_WARN_INT_CONVERSION = YES;
				CLANG_WARN_OBJC_ROOT_CLASS = YES_ERROR;
				CLANG_WARN__DUPLICATE_METHOD_MATCH = YES;
				"CODE_SIGN_IDENTITY[sdk=iphoneos*]" = "iPhone Developer";
				COPY_PHASE_STRIP = YES;
				ENABLE_NS_ASSERTIONS = NO;
				GCC_C_LANGUAGE_STANDARD = gnu99;
				GCC_WARN_64_TO_32_BIT_CONVERSION = YES;
				GCC_WARN_ABOUT_RETURN_TYPE = YES_ERROR;
				GCC_WARN_UNDECLARED_SELECTOR = YES;
				GCC_WARN_UNINITIALIZED_AUTOS = YES_AGGRESSIVE;
				GCC_WARN_UNUSED_FUNCTION = YES;
				GCC_WARN_UNUSED_VARIABLE = YES;
				IPHONEOS_DEPLOYMENT_TARGET = 7.1;
				SDKROOT = iphoneos;
				VALIDATE_PRODUCT = YES;
			};
			name = Release;
		};
		782739F01936179B002F939D /* Debug */ = {
			isa = XCBuildConfiguration;
			buildSettings = {
				ASSETCATALOG_COMPILER_APPICON_NAME = AppIcon;
				ASSETCATALOG_COMPILER_LAUNCHIMAGE_NAME = LaunchImage;
				GCC_PRECOMPILE_PREFIX_HEADER = YES;
				GCC_PREFIX_HEADER = "AlertOrSheet/AlertOrSheet-Prefix.pch";
				INFOPLIST_FILE = "AlertOrSheet/AlertOrSheet-Info.plist";
				IPHONEOS_DEPLOYMENT_TARGET = 6.0;
				PRODUCT_NAME = "$(TARGET_NAME)";
				WRAPPER_EXTENSION = app;
			};
			name = Debug;
		};
		782739F11936179B002F939D /* Release */ = {
			isa = XCBuildConfiguration;
			buildSettings = {
				ASSETCATALOG_COMPILER_APPICON_NAME = AppIcon;
				ASSETCATALOG_COMPILER_LAUNCHIMAGE_NAME = LaunchImage;
				GCC_PRECOMPILE_PREFIX_HEADER = YES;
				GCC_PREFIX_HEADER = "AlertOrSheet/AlertOrSheet-Prefix.pch";
				INFOPLIST_FILE = "AlertOrSheet/AlertOrSheet-Info.plist";
				IPHONEOS_DEPLOYMENT_TARGET = 6.0;
				PRODUCT_NAME = "$(TARGET_NAME)";
				WRAPPER_EXTENSION = app;
			};
			name = Release;
		};
		782739F31936179B002F939D /* Debug */ = {
			isa = XCBuildConfiguration;
			buildSettings = {
				BUNDLE_LOADER = "$(BUILT_PRODUCTS_DIR)/AlertOrSheet.app/AlertOrSheet";
				FRAMEWORK_SEARCH_PATHS = (
					"$(SDKROOT)/Developer/Library/Frameworks",
					"$(inherited)",
					"$(DEVELOPER_FRAMEWORKS_DIR)",
				);
				GCC_PRECOMPILE_PREFIX_HEADER = YES;
				GCC_PREFIX_HEADER = "AlertOrSheet/AlertOrSheet-Prefix.pch";
				GCC_PREPROCESSOR_DEFINITIONS = (
					"DEBUG=1",
					"$(inherited)",
				);
				INFOPLIST_FILE = "AlertOrSheetTests/AlertOrSheetTests-Info.plist";
				PRODUCT_NAME = "$(TARGET_NAME)";
				TEST_HOST = "$(BUNDLE_LOADER)";
				WRAPPER_EXTENSION = xctest;
			};
			name = Debug;
		};
		782739F41936179B002F939D /* Release */ = {
			isa = XCBuildConfiguration;
			buildSettings = {
				BUNDLE_LOADER = "$(BUILT_PRODUCTS_DIR)/AlertOrSheet.app/AlertOrSheet";
				FRAMEWORK_SEARCH_PATHS = (
					"$(SDKROOT)/Developer/Library/Frameworks",
					"$(inherited)",
					"$(DEVELOPER_FRAMEWORKS_DIR)",
				);
				GCC_PRECOMPILE_PREFIX_HEADER = YES;
				GCC_PREFIX_HEADER = "AlertOrSheet/AlertOrSheet-Prefix.pch";
				INFOPLIST_FILE = "AlertOrSheetTests/AlertOrSheetTests-Info.plist";
				PRODUCT_NAME = "$(TARGET_NAME)";
				TEST_HOST = "$(BUNDLE_LOADER)";
				WRAPPER_EXTENSION = xctest;
			};
			name = Release;
		};
/* End XCBuildConfiguration section */

/* Begin XCConfigurationList section */
		782739BE1936179B002F939D /* Build configuration list for PBXProject "AlertOrSheet" */ = {
			isa = XCConfigurationList;
			buildConfigurations = (
				782739ED1936179B002F939D /* Debug */,
				782739EE1936179B002F939D /* Release */,
			);
			defaultConfigurationIsVisible = 0;
			defaultConfigurationName = Release;
		};
		782739EF1936179B002F939D /* Build configuration list for PBXNativeTarget "AlertOrSheet" */ = {
			isa = XCConfigurationList;
			buildConfigurations = (
				782739F01936179B002F939D /* Debug */,
				782739F11936179B002F939D /* Release */,
			);
			defaultConfigurationIsVisible = 0;
		};
		782739F21936179B002F939D /* Build configuration list for PBXNativeTarget "AlertOrSheetTests" */ = {
			isa = XCConfigurationList;
			buildConfigurations = (
				782739F31936179B002F939D /* Debug */,
				782739F41936179B002F939D /* Release */,
			);
			defaultConfigurationIsVisible = 0;
		};
/* End XCConfigurationList section */
	};
	rootObject = 782739BB1936179B002F939D /* Project object */;
}
